// !$*UTF8*$!
{
	archiveVersion = 1;
	classes = {
	};
	objectVersion = 46;
	objects = {

/* Begin PBXBuildFile section */
		C50EC8DC1E9F698B00B7EF94 /* AES.swift in Sources */ = {isa = PBXBuildFile; fileRef = C50EC89A1E9F698B00B7EF94 /* AES.swift */; };
		C50EC8DD1E9F698B00B7EF94 /* Array+Extension.swift in Sources */ = {isa = PBXBuildFile; fileRef = C50EC89B1E9F698B00B7EF94 /* Array+Extension.swift */; };
		C50EC8DE1E9F698B00B7EF94 /* Authenticator.swift in Sources */ = {isa = PBXBuildFile; fileRef = C50EC89C1E9F698B00B7EF94 /* Authenticator.swift */; };
		C50EC8DF1E9F698B00B7EF94 /* BatchedCollection.swift in Sources */ = {isa = PBXBuildFile; fileRef = C50EC89D1E9F698B00B7EF94 /* BatchedCollection.swift */; };
		C50EC8E01E9F698B00B7EF94 /* Bit.swift in Sources */ = {isa = PBXBuildFile; fileRef = C50EC89E1E9F698B00B7EF94 /* Bit.swift */; };
		C50EC8E11E9F698B00B7EF94 /* BlockCipher.swift in Sources */ = {isa = PBXBuildFile; fileRef = C50EC89F1E9F698B00B7EF94 /* BlockCipher.swift */; };
		C50EC8E21E9F698B00B7EF94 /* BlockMode.swift in Sources */ = {isa = PBXBuildFile; fileRef = C50EC8A11E9F698B00B7EF94 /* BlockMode.swift */; };
		C50EC8E31E9F698B00B7EF94 /* BlockModeOptions.swift in Sources */ = {isa = PBXBuildFile; fileRef = C50EC8A21E9F698B00B7EF94 /* BlockModeOptions.swift */; };
		C50EC8E41E9F698B00B7EF94 /* BlockModeWorker.swift in Sources */ = {isa = PBXBuildFile; fileRef = C50EC8A31E9F698B00B7EF94 /* BlockModeWorker.swift */; };
		C50EC8E51E9F698B00B7EF94 /* CBC.swift in Sources */ = {isa = PBXBuildFile; fileRef = C50EC8A41E9F698B00B7EF94 /* CBC.swift */; };
		C50EC8E61E9F698B00B7EF94 /* CFB.swift in Sources */ = {isa = PBXBuildFile; fileRef = C50EC8A51E9F698B00B7EF94 /* CFB.swift */; };
		C50EC8E71E9F698B00B7EF94 /* CTR.swift in Sources */ = {isa = PBXBuildFile; fileRef = C50EC8A61E9F698B00B7EF94 /* CTR.swift */; };
		C50EC8E81E9F698B00B7EF94 /* ECB.swift in Sources */ = {isa = PBXBuildFile; fileRef = C50EC8A71E9F698B00B7EF94 /* ECB.swift */; };
		C50EC8E91E9F698B00B7EF94 /* OFB.swift in Sources */ = {isa = PBXBuildFile; fileRef = C50EC8A81E9F698B00B7EF94 /* OFB.swift */; };
		C50EC8EA1E9F698B00B7EF94 /* PCBC.swift in Sources */ = {isa = PBXBuildFile; fileRef = C50EC8A91E9F698B00B7EF94 /* PCBC.swift */; };
		C50EC8EB1E9F698B00B7EF94 /* RandomAccessBlockModeWorker.swift in Sources */ = {isa = PBXBuildFile; fileRef = C50EC8AA1E9F698B00B7EF94 /* RandomAccessBlockModeWorker.swift */; };
		C50EC8EC1E9F698B00B7EF94 /* Blowfish.swift in Sources */ = {isa = PBXBuildFile; fileRef = C50EC8AB1E9F698B00B7EF94 /* Blowfish.swift */; };
		C50EC8ED1E9F698B00B7EF94 /* ChaCha20.swift in Sources */ = {isa = PBXBuildFile; fileRef = C50EC8AC1E9F698B00B7EF94 /* ChaCha20.swift */; };
		C50EC8EE1E9F698B00B7EF94 /* Checksum.swift in Sources */ = {isa = PBXBuildFile; fileRef = C50EC8AD1E9F698B00B7EF94 /* Checksum.swift */; };
		C50EC8EF1E9F698B00B7EF94 /* Cipher.swift in Sources */ = {isa = PBXBuildFile; fileRef = C50EC8AE1E9F698B00B7EF94 /* Cipher.swift */; };
		C50EC8F01E9F698B00B7EF94 /* Collection+Extension.swift in Sources */ = {isa = PBXBuildFile; fileRef = C50EC8AF1E9F698B00B7EF94 /* Collection+Extension.swift */; };
		C50EC8F11E9F698B00B7EF94 /* Cryptors.swift in Sources */ = {isa = PBXBuildFile; fileRef = C50EC8B01E9F698B00B7EF94 /* Cryptors.swift */; };
		C50EC8F21E9F698B00B7EF94 /* CSArrayType+Extensions.swift in Sources */ = {isa = PBXBuildFile; fileRef = C50EC8B11E9F698B00B7EF94 /* CSArrayType+Extensions.swift */; };
		C50EC8F31E9F698B00B7EF94 /* Digest.swift in Sources */ = {isa = PBXBuildFile; fileRef = C50EC8B21E9F698B00B7EF94 /* Digest.swift */; };
		C50EC8F41E9F698B00B7EF94 /* DigestType.swift in Sources */ = {isa = PBXBuildFile; fileRef = C50EC8B31E9F698B00B7EF94 /* DigestType.swift */; };
		C50EC8F51E9F698B00B7EF94 /* AES+Foundation.swift in Sources */ = {isa = PBXBuildFile; fileRef = C50EC8B51E9F698B00B7EF94 /* AES+Foundation.swift */; };
		C50EC8F61E9F698B00B7EF94 /* Blowfish+Foundation.swift in Sources */ = {isa = PBXBuildFile; fileRef = C50EC8B61E9F698B00B7EF94 /* Blowfish+Foundation.swift */; };
		C50EC8F71E9F698B00B7EF94 /* ChaCha20+Foundation.swift in Sources */ = {isa = PBXBuildFile; fileRef = C50EC8B71E9F698B00B7EF94 /* ChaCha20+Foundation.swift */; };
		C50EC8F81E9F698B00B7EF94 /* CSArrayType+Foundation.swift in Sources */ = {isa = PBXBuildFile; fileRef = C50EC8B81E9F698B00B7EF94 /* CSArrayType+Foundation.swift */; };
		C50EC8F91E9F698B00B7EF94 /* Data+Extension.swift in Sources */ = {isa = PBXBuildFile; fileRef = C50EC8B91E9F698B00B7EF94 /* Data+Extension.swift */; };
		C50EC8FA1E9F698B00B7EF94 /* HMAC+Foundation.swift in Sources */ = {isa = PBXBuildFile; fileRef = C50EC8BA1E9F698B00B7EF94 /* HMAC+Foundation.swift */; };
		C50EC8FB1E9F698B00B7EF94 /* Rabbit+Foundation.swift in Sources */ = {isa = PBXBuildFile; fileRef = C50EC8BB1E9F698B00B7EF94 /* Rabbit+Foundation.swift */; };
		C50EC8FC1E9F698B00B7EF94 /* String+FoundationExtension.swift in Sources */ = {isa = PBXBuildFile; fileRef = C50EC8BC1E9F698B00B7EF94 /* String+FoundationExtension.swift */; };
		C50EC8FD1E9F698B00B7EF94 /* Utils+Foundation.swift in Sources */ = {isa = PBXBuildFile; fileRef = C50EC8BD1E9F698B00B7EF94 /* Utils+Foundation.swift */; };
		C50EC8FE1E9F698B00B7EF94 /* Generics.swift in Sources */ = {isa = PBXBuildFile; fileRef = C50EC8BE1E9F698B00B7EF94 /* Generics.swift */; };
		C50EC8FF1E9F698B00B7EF94 /* HMAC.swift in Sources */ = {isa = PBXBuildFile; fileRef = C50EC8BF1E9F698B00B7EF94 /* HMAC.swift */; };
		C50EC9001E9F698B00B7EF94 /* Info.plist in Resources */ = {isa = PBXBuildFile; fileRef = C50EC8C01E9F698B00B7EF94 /* Info.plist */; };
		C50EC9011E9F698B00B7EF94 /* Int+Extension.swift in Sources */ = {isa = PBXBuildFile; fileRef = C50EC8C11E9F698B00B7EF94 /* Int+Extension.swift */; };
		C50EC9021E9F698B00B7EF94 /* IntegerConvertible.swift in Sources */ = {isa = PBXBuildFile; fileRef = C50EC8C21E9F698B00B7EF94 /* IntegerConvertible.swift */; };
		C50EC9031E9F698B00B7EF94 /* MD5.swift in Sources */ = {isa = PBXBuildFile; fileRef = C50EC8C31E9F698B00B7EF94 /* MD5.swift */; };
		C50EC9041E9F698B00B7EF94 /* NoPadding.swift in Sources */ = {isa = PBXBuildFile; fileRef = C50EC8C41E9F698B00B7EF94 /* NoPadding.swift */; };
		C50EC9051E9F698B00B7EF94 /* Operators.swift in Sources */ = {isa = PBXBuildFile; fileRef = C50EC8C51E9F698B00B7EF94 /* Operators.swift */; };
		C50EC9061E9F698B00B7EF94 /* Padding.swift in Sources */ = {isa = PBXBuildFile; fileRef = C50EC8C61E9F698B00B7EF94 /* Padding.swift */; };
		C50EC9071E9F698B00B7EF94 /* PBKDF1.swift in Sources */ = {isa = PBXBuildFile; fileRef = C50EC8C81E9F698B00B7EF94 /* PBKDF1.swift */; };
		C50EC9081E9F698B00B7EF94 /* PBKDF2.swift in Sources */ = {isa = PBXBuildFile; fileRef = C50EC8C91E9F698B00B7EF94 /* PBKDF2.swift */; };
		C50EC9091E9F698B00B7EF94 /* PKCS5.swift in Sources */ = {isa = PBXBuildFile; fileRef = C50EC8CA1E9F698B00B7EF94 /* PKCS5.swift */; };
		C50EC90A1E9F698B00B7EF94 /* PKCS7.swift in Sources */ = {isa = PBXBuildFile; fileRef = C50EC8CB1E9F698B00B7EF94 /* PKCS7.swift */; };
		C50EC90B1E9F698B00B7EF94 /* Poly1305.swift in Sources */ = {isa = PBXBuildFile; fileRef = C50EC8CC1E9F698B00B7EF94 /* Poly1305.swift */; };
		C50EC90C1E9F698B00B7EF94 /* Rabbit.swift in Sources */ = {isa = PBXBuildFile; fileRef = C50EC8CD1E9F698B00B7EF94 /* Rabbit.swift */; };
		C50EC90D1E9F698B00B7EF94 /* RandomAccessCryptor.swift in Sources */ = {isa = PBXBuildFile; fileRef = C50EC8CE1E9F698B00B7EF94 /* RandomAccessCryptor.swift */; };
		C50EC90E1E9F698B00B7EF94 /* RandomBytesSequence.swift in Sources */ = {isa = PBXBuildFile; fileRef = C50EC8CF1E9F698B00B7EF94 /* RandomBytesSequence.swift */; };
		C50EC90F1E9F698B00B7EF94 /* SecureBytes.swift in Sources */ = {isa = PBXBuildFile; fileRef = C50EC8D01E9F698B00B7EF94 /* SecureBytes.swift */; };
		C50EC9101E9F698B00B7EF94 /* SHA1.swift in Sources */ = {isa = PBXBuildFile; fileRef = C50EC8D11E9F698B00B7EF94 /* SHA1.swift */; };
		C50EC9111E9F698B00B7EF94 /* SHA2.swift in Sources */ = {isa = PBXBuildFile; fileRef = C50EC8D21E9F698B00B7EF94 /* SHA2.swift */; };
		C50EC9121E9F698B00B7EF94 /* SHA3.swift in Sources */ = {isa = PBXBuildFile; fileRef = C50EC8D31E9F698B00B7EF94 /* SHA3.swift */; };
		C50EC9131E9F698B00B7EF94 /* String+Extension.swift in Sources */ = {isa = PBXBuildFile; fileRef = C50EC8D41E9F698B00B7EF94 /* String+Extension.swift */; };
		C50EC9141E9F698B00B7EF94 /* UInt16+Extension.swift in Sources */ = {isa = PBXBuildFile; fileRef = C50EC8D51E9F698B00B7EF94 /* UInt16+Extension.swift */; };
		C50EC9151E9F698B00B7EF94 /* UInt32+Extension.swift in Sources */ = {isa = PBXBuildFile; fileRef = C50EC8D61E9F698B00B7EF94 /* UInt32+Extension.swift */; };
		C50EC9161E9F698B00B7EF94 /* UInt64+Extension.swift in Sources */ = {isa = PBXBuildFile; fileRef = C50EC8D71E9F698B00B7EF94 /* UInt64+Extension.swift */; };
		C50EC9171E9F698B00B7EF94 /* UInt8+Extension.swift in Sources */ = {isa = PBXBuildFile; fileRef = C50EC8D81E9F698B00B7EF94 /* UInt8+Extension.swift */; };
		C50EC9181E9F698B00B7EF94 /* Updatable.swift in Sources */ = {isa = PBXBuildFile; fileRef = C50EC8D91E9F698B00B7EF94 /* Updatable.swift */; };
		C50EC9191E9F698B00B7EF94 /* Utils.swift in Sources */ = {isa = PBXBuildFile; fileRef = C50EC8DA1E9F698B00B7EF94 /* Utils.swift */; };
		C50EC91A1E9F698B00B7EF94 /* ZeroPadding.swift in Sources */ = {isa = PBXBuildFile; fileRef = C50EC8DB1E9F698B00B7EF94 /* ZeroPadding.swift */; };
		C5294DB51E98BF6F00160E3E /* BitcoinSwift.framework in Frameworks */ = {isa = PBXBuildFile; fileRef = C5294DAB1E98BF6F00160E3E /* BitcoinSwift.framework */; };
		C5294DBC1E98BF6F00160E3E /* BitcoinSwiftIOS.h in Headers */ = {isa = PBXBuildFile; fileRef = C5294DAE1E98BF6F00160E3E /* BitcoinSwiftIOS.h */; settings = {ATTRIBUTES = (Public, ); }; };
		C5294E831E98C96C00160E3E /* BTCKey.swift in Sources */ = {isa = PBXBuildFile; fileRef = C5294E821E98C96C00160E3E /* BTCKey.swift */; };
		C5365CC71E9F6F8B002F15F3 /* BTCBase58.swift in Sources */ = {isa = PBXBuildFile; fileRef = C5365CC61E9F6F8B002F15F3 /* BTCBase58.swift */; };
		C5365CC81E9F6F8B002F15F3 /* BTCBase58.swift in Sources */ = {isa = PBXBuildFile; fileRef = C5365CC61E9F6F8B002F15F3 /* BTCBase58.swift */; };
		C5365CCC1E9F72F8002F15F3 /* BTCBase58_Tests.swift in Sources */ = {isa = PBXBuildFile; fileRef = C5365CC91E9F70B9002F15F3 /* BTCBase58_Tests.swift */; };
		C5365CCD1E9F72F8002F15F3 /* BTCBase58_Tests.swift in Sources */ = {isa = PBXBuildFile; fileRef = C5365CC91E9F70B9002F15F3 /* BTCBase58_Tests.swift */; };
		C5365CCF1E9F7561002F15F3 /* BTCEnvConfig.swift in Sources */ = {isa = PBXBuildFile; fileRef = C5365CCE1E9F7561002F15F3 /* BTCEnvConfig.swift */; };
		C5365CD01E9F7561002F15F3 /* BTCEnvConfig.swift in Sources */ = {isa = PBXBuildFile; fileRef = C5365CCE1E9F7561002F15F3 /* BTCEnvConfig.swift */; };
		C5365CD21E9F773B002F15F3 /* BTCAddress.swift in Sources */ = {isa = PBXBuildFile; fileRef = C5365CD11E9F773B002F15F3 /* BTCAddress.swift */; };
		C5365CD31E9F773B002F15F3 /* BTCAddress.swift in Sources */ = {isa = PBXBuildFile; fileRef = C5365CD11E9F773B002F15F3 /* BTCAddress.swift */; };
		C5477D641E9E3721009854FE /* String+BitcoinSwift.swift in Sources */ = {isa = PBXBuildFile; fileRef = C5477D631E9E3721009854FE /* String+BitcoinSwift.swift */; };
		C5477D651E9E3721009854FE /* String+BitcoinSwift.swift in Sources */ = {isa = PBXBuildFile; fileRef = C5477D631E9E3721009854FE /* String+BitcoinSwift.swift */; };
		C553C9771E9C75CE00EDD787 /* LibSecp256k1.framework in Frameworks */ = {isa = PBXBuildFile; fileRef = C5E8516E1E9C748800E041AE /* LibSecp256k1.framework */; };
		C553C9811E9CBDC700EDD787 /* BTCKey_Tests.swift in Sources */ = {isa = PBXBuildFile; fileRef = C553C97A1E9CBD3000EDD787 /* BTCKey_Tests.swift */; };
		C553C9821E9CBDC700EDD787 /* BTCKey_Tests.swift in Sources */ = {isa = PBXBuildFile; fileRef = C553C97A1E9CBD3000EDD787 /* BTCKey_Tests.swift */; };
		C553C9861E9CD5AF00EDD787 /* Data+BitcoinSwift.swift in Sources */ = {isa = PBXBuildFile; fileRef = C553C9851E9CD5AF00EDD787 /* Data+BitcoinSwift.swift */; };
		C553C9871E9CD5AF00EDD787 /* Data+BitcoinSwift.swift in Sources */ = {isa = PBXBuildFile; fileRef = C553C9851E9CD5AF00EDD787 /* Data+BitcoinSwift.swift */; };
		C553C9891E9CE96100EDD787 /* BTCError.swift in Sources */ = {isa = PBXBuildFile; fileRef = C553C9881E9CE96100EDD787 /* BTCError.swift */; };
		C553C98A1E9CE96100EDD787 /* BTCError.swift in Sources */ = {isa = PBXBuildFile; fileRef = C553C9881E9CE96100EDD787 /* BTCError.swift */; };
		C55AB06C1E9A2A6600E71165 /* BitcoinSwift.framework in Frameworks */ = {isa = PBXBuildFile; fileRef = C55AB0631E9A2A6600E71165 /* BitcoinSwift.framework */; };
		C55AB0731E9A2A6600E71165 /* BitcoinSwiftOSX.h in Headers */ = {isa = PBXBuildFile; fileRef = C55AB0651E9A2A6600E71165 /* BitcoinSwiftOSX.h */; settings = {ATTRIBUTES = (Public, ); }; };
		C55AB07B1E9A2A8C00E71165 /* BTCKey.swift in Sources */ = {isa = PBXBuildFile; fileRef = C5294E821E98C96C00160E3E /* BTCKey.swift */; };
		C5E8516F1E9C748800E041AE /* LibSecp256k1.framework in Frameworks */ = {isa = PBXBuildFile; fileRef = C5E8516E1E9C748800E041AE /* LibSecp256k1.framework */; };
/* End PBXBuildFile section */

/* Begin PBXContainerItemProxy section */
		C5294DB61E98BF6F00160E3E /* PBXContainerItemProxy */ = {
			isa = PBXContainerItemProxy;
			containerPortal = C5294D9F1E98BDBA00160E3E /* Project object */;
			proxyType = 1;
			remoteGlobalIDString = C5294DAA1E98BF6F00160E3E;
			remoteInfo = BitcoinSwiftIOS;
		};
		C55AB06D1E9A2A6600E71165 /* PBXContainerItemProxy */ = {
			isa = PBXContainerItemProxy;
			containerPortal = C5294D9F1E98BDBA00160E3E /* Project object */;
			proxyType = 1;
			remoteGlobalIDString = C55AB0621E9A2A6600E71165;
			remoteInfo = BitcoinSwiftOSX;
		};
/* End PBXContainerItemProxy section */

/* Begin PBXFileReference section */
		C50EC89A1E9F698B00B7EF94 /* AES.swift */ = {isa = PBXFileReference; fileEncoding = 4; lastKnownFileType = sourcecode.swift; path = AES.swift; sourceTree = "<group>"; };
		C50EC89B1E9F698B00B7EF94 /* Array+Extension.swift */ = {isa = PBXFileReference; fileEncoding = 4; lastKnownFileType = sourcecode.swift; path = "Array+Extension.swift"; sourceTree = "<group>"; };
		C50EC89C1E9F698B00B7EF94 /* Authenticator.swift */ = {isa = PBXFileReference; fileEncoding = 4; lastKnownFileType = sourcecode.swift; path = Authenticator.swift; sourceTree = "<group>"; };
		C50EC89D1E9F698B00B7EF94 /* BatchedCollection.swift */ = {isa = PBXFileReference; fileEncoding = 4; lastKnownFileType = sourcecode.swift; path = BatchedCollection.swift; sourceTree = "<group>"; };
		C50EC89E1E9F698B00B7EF94 /* Bit.swift */ = {isa = PBXFileReference; fileEncoding = 4; lastKnownFileType = sourcecode.swift; path = Bit.swift; sourceTree = "<group>"; };
		C50EC89F1E9F698B00B7EF94 /* BlockCipher.swift */ = {isa = PBXFileReference; fileEncoding = 4; lastKnownFileType = sourcecode.swift; path = BlockCipher.swift; sourceTree = "<group>"; };
		C50EC8A11E9F698B00B7EF94 /* BlockMode.swift */ = {isa = PBXFileReference; fileEncoding = 4; lastKnownFileType = sourcecode.swift; path = BlockMode.swift; sourceTree = "<group>"; };
		C50EC8A21E9F698B00B7EF94 /* BlockModeOptions.swift */ = {isa = PBXFileReference; fileEncoding = 4; lastKnownFileType = sourcecode.swift; path = BlockModeOptions.swift; sourceTree = "<group>"; };
		C50EC8A31E9F698B00B7EF94 /* BlockModeWorker.swift */ = {isa = PBXFileReference; fileEncoding = 4; lastKnownFileType = sourcecode.swift; path = BlockModeWorker.swift; sourceTree = "<group>"; };
		C50EC8A41E9F698B00B7EF94 /* CBC.swift */ = {isa = PBXFileReference; fileEncoding = 4; lastKnownFileType = sourcecode.swift; path = CBC.swift; sourceTree = "<group>"; };
		C50EC8A51E9F698B00B7EF94 /* CFB.swift */ = {isa = PBXFileReference; fileEncoding = 4; lastKnownFileType = sourcecode.swift; path = CFB.swift; sourceTree = "<group>"; };
		C50EC8A61E9F698B00B7EF94 /* CTR.swift */ = {isa = PBXFileReference; fileEncoding = 4; lastKnownFileType = sourcecode.swift; path = CTR.swift; sourceTree = "<group>"; };
		C50EC8A71E9F698B00B7EF94 /* ECB.swift */ = {isa = PBXFileReference; fileEncoding = 4; lastKnownFileType = sourcecode.swift; path = ECB.swift; sourceTree = "<group>"; };
		C50EC8A81E9F698B00B7EF94 /* OFB.swift */ = {isa = PBXFileReference; fileEncoding = 4; lastKnownFileType = sourcecode.swift; path = OFB.swift; sourceTree = "<group>"; };
		C50EC8A91E9F698B00B7EF94 /* PCBC.swift */ = {isa = PBXFileReference; fileEncoding = 4; lastKnownFileType = sourcecode.swift; path = PCBC.swift; sourceTree = "<group>"; };
		C50EC8AA1E9F698B00B7EF94 /* RandomAccessBlockModeWorker.swift */ = {isa = PBXFileReference; fileEncoding = 4; lastKnownFileType = sourcecode.swift; path = RandomAccessBlockModeWorker.swift; sourceTree = "<group>"; };
		C50EC8AB1E9F698B00B7EF94 /* Blowfish.swift */ = {isa = PBXFileReference; fileEncoding = 4; lastKnownFileType = sourcecode.swift; path = Blowfish.swift; sourceTree = "<group>"; };
		C50EC8AC1E9F698B00B7EF94 /* ChaCha20.swift */ = {isa = PBXFileReference; fileEncoding = 4; lastKnownFileType = sourcecode.swift; path = ChaCha20.swift; sourceTree = "<group>"; };
		C50EC8AD1E9F698B00B7EF94 /* Checksum.swift */ = {isa = PBXFileReference; fileEncoding = 4; lastKnownFileType = sourcecode.swift; path = Checksum.swift; sourceTree = "<group>"; };
		C50EC8AE1E9F698B00B7EF94 /* Cipher.swift */ = {isa = PBXFileReference; fileEncoding = 4; lastKnownFileType = sourcecode.swift; path = Cipher.swift; sourceTree = "<group>"; };
		C50EC8AF1E9F698B00B7EF94 /* Collection+Extension.swift */ = {isa = PBXFileReference; fileEncoding = 4; lastKnownFileType = sourcecode.swift; path = "Collection+Extension.swift"; sourceTree = "<group>"; };
		C50EC8B01E9F698B00B7EF94 /* Cryptors.swift */ = {isa = PBXFileReference; fileEncoding = 4; lastKnownFileType = sourcecode.swift; path = Cryptors.swift; sourceTree = "<group>"; };
		C50EC8B11E9F698B00B7EF94 /* CSArrayType+Extensions.swift */ = {isa = PBXFileReference; fileEncoding = 4; lastKnownFileType = sourcecode.swift; path = "CSArrayType+Extensions.swift"; sourceTree = "<group>"; };
		C50EC8B21E9F698B00B7EF94 /* Digest.swift */ = {isa = PBXFileReference; fileEncoding = 4; lastKnownFileType = sourcecode.swift; path = Digest.swift; sourceTree = "<group>"; };
		C50EC8B31E9F698B00B7EF94 /* DigestType.swift */ = {isa = PBXFileReference; fileEncoding = 4; lastKnownFileType = sourcecode.swift; path = DigestType.swift; sourceTree = "<group>"; };
		C50EC8B51E9F698B00B7EF94 /* AES+Foundation.swift */ = {isa = PBXFileReference; fileEncoding = 4; lastKnownFileType = sourcecode.swift; path = "AES+Foundation.swift"; sourceTree = "<group>"; };
		C50EC8B61E9F698B00B7EF94 /* Blowfish+Foundation.swift */ = {isa = PBXFileReference; fileEncoding = 4; lastKnownFileType = sourcecode.swift; path = "Blowfish+Foundation.swift"; sourceTree = "<group>"; };
		C50EC8B71E9F698B00B7EF94 /* ChaCha20+Foundation.swift */ = {isa = PBXFileReference; fileEncoding = 4; lastKnownFileType = sourcecode.swift; path = "ChaCha20+Foundation.swift"; sourceTree = "<group>"; };
		C50EC8B81E9F698B00B7EF94 /* CSArrayType+Foundation.swift */ = {isa = PBXFileReference; fileEncoding = 4; lastKnownFileType = sourcecode.swift; path = "CSArrayType+Foundation.swift"; sourceTree = "<group>"; };
		C50EC8B91E9F698B00B7EF94 /* Data+Extension.swift */ = {isa = PBXFileReference; fileEncoding = 4; lastKnownFileType = sourcecode.swift; path = "Data+Extension.swift"; sourceTree = "<group>"; };
		C50EC8BA1E9F698B00B7EF94 /* HMAC+Foundation.swift */ = {isa = PBXFileReference; fileEncoding = 4; lastKnownFileType = sourcecode.swift; path = "HMAC+Foundation.swift"; sourceTree = "<group>"; };
		C50EC8BB1E9F698B00B7EF94 /* Rabbit+Foundation.swift */ = {isa = PBXFileReference; fileEncoding = 4; lastKnownFileType = sourcecode.swift; path = "Rabbit+Foundation.swift"; sourceTree = "<group>"; };
		C50EC8BC1E9F698B00B7EF94 /* String+FoundationExtension.swift */ = {isa = PBXFileReference; fileEncoding = 4; lastKnownFileType = sourcecode.swift; path = "String+FoundationExtension.swift"; sourceTree = "<group>"; };
		C50EC8BD1E9F698B00B7EF94 /* Utils+Foundation.swift */ = {isa = PBXFileReference; fileEncoding = 4; lastKnownFileType = sourcecode.swift; path = "Utils+Foundation.swift"; sourceTree = "<group>"; };
		C50EC8BE1E9F698B00B7EF94 /* Generics.swift */ = {isa = PBXFileReference; fileEncoding = 4; lastKnownFileType = sourcecode.swift; path = Generics.swift; sourceTree = "<group>"; };
		C50EC8BF1E9F698B00B7EF94 /* HMAC.swift */ = {isa = PBXFileReference; fileEncoding = 4; lastKnownFileType = sourcecode.swift; path = HMAC.swift; sourceTree = "<group>"; };
		C50EC8C01E9F698B00B7EF94 /* Info.plist */ = {isa = PBXFileReference; fileEncoding = 4; lastKnownFileType = text.plist.xml; path = Info.plist; sourceTree = "<group>"; };
		C50EC8C11E9F698B00B7EF94 /* Int+Extension.swift */ = {isa = PBXFileReference; fileEncoding = 4; lastKnownFileType = sourcecode.swift; path = "Int+Extension.swift"; sourceTree = "<group>"; };
		C50EC8C21E9F698B00B7EF94 /* IntegerConvertible.swift */ = {isa = PBXFileReference; fileEncoding = 4; lastKnownFileType = sourcecode.swift; path = IntegerConvertible.swift; sourceTree = "<group>"; };
		C50EC8C31E9F698B00B7EF94 /* MD5.swift */ = {isa = PBXFileReference; fileEncoding = 4; lastKnownFileType = sourcecode.swift; path = MD5.swift; sourceTree = "<group>"; };
		C50EC8C41E9F698B00B7EF94 /* NoPadding.swift */ = {isa = PBXFileReference; fileEncoding = 4; lastKnownFileType = sourcecode.swift; path = NoPadding.swift; sourceTree = "<group>"; };
		C50EC8C51E9F698B00B7EF94 /* Operators.swift */ = {isa = PBXFileReference; fileEncoding = 4; lastKnownFileType = sourcecode.swift; path = Operators.swift; sourceTree = "<group>"; };
		C50EC8C61E9F698B00B7EF94 /* Padding.swift */ = {isa = PBXFileReference; fileEncoding = 4; lastKnownFileType = sourcecode.swift; path = Padding.swift; sourceTree = "<group>"; };
		C50EC8C81E9F698B00B7EF94 /* PBKDF1.swift */ = {isa = PBXFileReference; fileEncoding = 4; lastKnownFileType = sourcecode.swift; path = PBKDF1.swift; sourceTree = "<group>"; };
		C50EC8C91E9F698B00B7EF94 /* PBKDF2.swift */ = {isa = PBXFileReference; fileEncoding = 4; lastKnownFileType = sourcecode.swift; path = PBKDF2.swift; sourceTree = "<group>"; };
		C50EC8CA1E9F698B00B7EF94 /* PKCS5.swift */ = {isa = PBXFileReference; fileEncoding = 4; lastKnownFileType = sourcecode.swift; path = PKCS5.swift; sourceTree = "<group>"; };
		C50EC8CB1E9F698B00B7EF94 /* PKCS7.swift */ = {isa = PBXFileReference; fileEncoding = 4; lastKnownFileType = sourcecode.swift; path = PKCS7.swift; sourceTree = "<group>"; };
		C50EC8CC1E9F698B00B7EF94 /* Poly1305.swift */ = {isa = PBXFileReference; fileEncoding = 4; lastKnownFileType = sourcecode.swift; path = Poly1305.swift; sourceTree = "<group>"; };
		C50EC8CD1E9F698B00B7EF94 /* Rabbit.swift */ = {isa = PBXFileReference; fileEncoding = 4; lastKnownFileType = sourcecode.swift; path = Rabbit.swift; sourceTree = "<group>"; };
		C50EC8CE1E9F698B00B7EF94 /* RandomAccessCryptor.swift */ = {isa = PBXFileReference; fileEncoding = 4; lastKnownFileType = sourcecode.swift; path = RandomAccessCryptor.swift; sourceTree = "<group>"; };
		C50EC8CF1E9F698B00B7EF94 /* RandomBytesSequence.swift */ = {isa = PBXFileReference; fileEncoding = 4; lastKnownFileType = sourcecode.swift; path = RandomBytesSequence.swift; sourceTree = "<group>"; };
		C50EC8D01E9F698B00B7EF94 /* SecureBytes.swift */ = {isa = PBXFileReference; fileEncoding = 4; lastKnownFileType = sourcecode.swift; path = SecureBytes.swift; sourceTree = "<group>"; };
		C50EC8D11E9F698B00B7EF94 /* SHA1.swift */ = {isa = PBXFileReference; fileEncoding = 4; lastKnownFileType = sourcecode.swift; path = SHA1.swift; sourceTree = "<group>"; };
		C50EC8D21E9F698B00B7EF94 /* SHA2.swift */ = {isa = PBXFileReference; fileEncoding = 4; lastKnownFileType = sourcecode.swift; path = SHA2.swift; sourceTree = "<group>"; };
		C50EC8D31E9F698B00B7EF94 /* SHA3.swift */ = {isa = PBXFileReference; fileEncoding = 4; lastKnownFileType = sourcecode.swift; path = SHA3.swift; sourceTree = "<group>"; };
		C50EC8D41E9F698B00B7EF94 /* String+Extension.swift */ = {isa = PBXFileReference; fileEncoding = 4; lastKnownFileType = sourcecode.swift; path = "String+Extension.swift"; sourceTree = "<group>"; };
		C50EC8D51E9F698B00B7EF94 /* UInt16+Extension.swift */ = {isa = PBXFileReference; fileEncoding = 4; lastKnownFileType = sourcecode.swift; path = "UInt16+Extension.swift"; sourceTree = "<group>"; };
		C50EC8D61E9F698B00B7EF94 /* UInt32+Extension.swift */ = {isa = PBXFileReference; fileEncoding = 4; lastKnownFileType = sourcecode.swift; path = "UInt32+Extension.swift"; sourceTree = "<group>"; };
		C50EC8D71E9F698B00B7EF94 /* UInt64+Extension.swift */ = {isa = PBXFileReference; fileEncoding = 4; lastKnownFileType = sourcecode.swift; path = "UInt64+Extension.swift"; sourceTree = "<group>"; };
		C50EC8D81E9F698B00B7EF94 /* UInt8+Extension.swift */ = {isa = PBXFileReference; fileEncoding = 4; lastKnownFileType = sourcecode.swift; path = "UInt8+Extension.swift"; sourceTree = "<group>"; };
		C50EC8D91E9F698B00B7EF94 /* Updatable.swift */ = {isa = PBXFileReference; fileEncoding = 4; lastKnownFileType = sourcecode.swift; path = Updatable.swift; sourceTree = "<group>"; };
		C50EC8DA1E9F698B00B7EF94 /* Utils.swift */ = {isa = PBXFileReference; fileEncoding = 4; lastKnownFileType = sourcecode.swift; path = Utils.swift; sourceTree = "<group>"; };
		C50EC8DB1E9F698B00B7EF94 /* ZeroPadding.swift */ = {isa = PBXFileReference; fileEncoding = 4; lastKnownFileType = sourcecode.swift; path = ZeroPadding.swift; sourceTree = "<group>"; };
		C5294DAB1E98BF6F00160E3E /* BitcoinSwift.framework */ = {isa = PBXFileReference; explicitFileType = wrapper.framework; includeInIndex = 0; path = BitcoinSwift.framework; sourceTree = BUILT_PRODUCTS_DIR; };
		C5294DAE1E98BF6F00160E3E /* BitcoinSwiftIOS.h */ = {isa = PBXFileReference; lastKnownFileType = sourcecode.c.h; path = BitcoinSwiftIOS.h; sourceTree = "<group>"; };
		C5294DAF1E98BF6F00160E3E /* Info.plist */ = {isa = PBXFileReference; lastKnownFileType = text.plist.xml; path = Info.plist; sourceTree = "<group>"; };
		C5294DB41E98BF6F00160E3E /* BitcoinSwiftIOSTests.xctest */ = {isa = PBXFileReference; explicitFileType = wrapper.cfbundle; includeInIndex = 0; path = BitcoinSwiftIOSTests.xctest; sourceTree = BUILT_PRODUCTS_DIR; };
		C5294E821E98C96C00160E3E /* BTCKey.swift */ = {isa = PBXFileReference; fileEncoding = 4; lastKnownFileType = sourcecode.swift; name = BTCKey.swift; path = Sources/core/BTCKey.swift; sourceTree = "<group>"; };
		C5365CC61E9F6F8B002F15F3 /* BTCBase58.swift */ = {isa = PBXFileReference; fileEncoding = 4; lastKnownFileType = sourcecode.swift; name = BTCBase58.swift; path = Sources/core/BTCBase58.swift; sourceTree = "<group>"; };
		C5365CC91E9F70B9002F15F3 /* BTCBase58_Tests.swift */ = {isa = PBXFileReference; fileEncoding = 4; lastKnownFileType = sourcecode.swift; path = BTCBase58_Tests.swift; sourceTree = "<group>"; };
		C5365CCE1E9F7561002F15F3 /* BTCEnvConfig.swift */ = {isa = PBXFileReference; fileEncoding = 4; lastKnownFileType = sourcecode.swift; name = BTCEnvConfig.swift; path = Sources/core/BTCEnvConfig.swift; sourceTree = "<group>"; };
		C5365CD11E9F773B002F15F3 /* BTCAddress.swift */ = {isa = PBXFileReference; fileEncoding = 4; lastKnownFileType = sourcecode.swift; name = BTCAddress.swift; path = Sources/core/BTCAddress.swift; sourceTree = "<group>"; };
		C5477D621E9E284B009854FE /* BitcoinSwiftPG.playground */ = {isa = PBXFileReference; lastKnownFileType = file.playground; name = BitcoinSwiftPG.playground; path = BitcoinSwiftTests/BitcoinSwiftPG.playground; sourceTree = "<group>"; };
		C5477D631E9E3721009854FE /* String+BitcoinSwift.swift */ = {isa = PBXFileReference; fileEncoding = 4; lastKnownFileType = sourcecode.swift; path = "String+BitcoinSwift.swift"; sourceTree = "<group>"; };
		C553C97A1E9CBD3000EDD787 /* BTCKey_Tests.swift */ = {isa = PBXFileReference; fileEncoding = 4; lastKnownFileType = sourcecode.swift; path = BTCKey_Tests.swift; sourceTree = "<group>"; };
		C553C97C1E9CBD3000EDD787 /* IOS-Info.plist */ = {isa = PBXFileReference; fileEncoding = 4; lastKnownFileType = text.plist.xml; path = "IOS-Info.plist"; sourceTree = "<group>"; };
		C553C97D1E9CBD3000EDD787 /* OSX-Info.plist */ = {isa = PBXFileReference; fileEncoding = 4; lastKnownFileType = text.plist.xml; path = "OSX-Info.plist"; sourceTree = "<group>"; };
		C553C9851E9CD5AF00EDD787 /* Data+BitcoinSwift.swift */ = {isa = PBXFileReference; fileEncoding = 4; lastKnownFileType = sourcecode.swift; name = "Data+BitcoinSwift.swift"; path = "Sources/extension/Data+BitcoinSwift.swift"; sourceTree = "<group>"; };
		C553C9881E9CE96100EDD787 /* BTCError.swift */ = {isa = PBXFileReference; fileEncoding = 4; lastKnownFileType = sourcecode.swift; name = BTCError.swift; path = Sources/core/BTCError.swift; sourceTree = "<group>"; };
		C55AB0631E9A2A6600E71165 /* BitcoinSwift.framework */ = {isa = PBXFileReference; explicitFileType = wrapper.framework; includeInIndex = 0; path = BitcoinSwift.framework; sourceTree = BUILT_PRODUCTS_DIR; };
		C55AB0651E9A2A6600E71165 /* BitcoinSwiftOSX.h */ = {isa = PBXFileReference; lastKnownFileType = sourcecode.c.h; path = BitcoinSwiftOSX.h; sourceTree = "<group>"; };
		C55AB0661E9A2A6600E71165 /* Info.plist */ = {isa = PBXFileReference; lastKnownFileType = text.plist.xml; path = Info.plist; sourceTree = "<group>"; };
		C55AB06B1E9A2A6600E71165 /* BitcoinSwiftOSXTests.xctest */ = {isa = PBXFileReference; explicitFileType = wrapper.cfbundle; includeInIndex = 0; path = BitcoinSwiftOSXTests.xctest; sourceTree = BUILT_PRODUCTS_DIR; };
		C5E8516E1E9C748800E041AE /* LibSecp256k1.framework */ = {isa = PBXFileReference; lastKnownFileType = wrapper.framework; name = LibSecp256k1.framework; path = Frameworks/LibSecp256k1.framework; sourceTree = "<group>"; };
/* End PBXFileReference section */

/* Begin PBXFrameworksBuildPhase section */
		C5294DA71E98BF6F00160E3E /* Frameworks */ = {
			isa = PBXFrameworksBuildPhase;
			buildActionMask = 2147483647;
			files = (
				C5E8516F1E9C748800E041AE /* LibSecp256k1.framework in Frameworks */,
			);
			runOnlyForDeploymentPostprocessing = 0;
		};
		C5294DB11E98BF6F00160E3E /* Frameworks */ = {
			isa = PBXFrameworksBuildPhase;
			buildActionMask = 2147483647;
			files = (
				C5294DB51E98BF6F00160E3E /* BitcoinSwift.framework in Frameworks */,
			);
			runOnlyForDeploymentPostprocessing = 0;
		};
		C55AB05F1E9A2A6600E71165 /* Frameworks */ = {
			isa = PBXFrameworksBuildPhase;
			buildActionMask = 2147483647;
			files = (
				C553C9771E9C75CE00EDD787 /* LibSecp256k1.framework in Frameworks */,
			);
			runOnlyForDeploymentPostprocessing = 0;
		};
		C55AB0681E9A2A6600E71165 /* Frameworks */ = {
			isa = PBXFrameworksBuildPhase;
			buildActionMask = 2147483647;
			files = (
				C55AB06C1E9A2A6600E71165 /* BitcoinSwift.framework in Frameworks */,
			);
			runOnlyForDeploymentPostprocessing = 0;
		};
/* End PBXFrameworksBuildPhase section */

/* Begin PBXGroup section */
		C50EC8991E9F698B00B7EF94 /* CryptoSwift */ = {
			isa = PBXGroup;
			children = (
				C50EC89A1E9F698B00B7EF94 /* AES.swift */,
				C50EC89B1E9F698B00B7EF94 /* Array+Extension.swift */,
				C50EC89C1E9F698B00B7EF94 /* Authenticator.swift */,
				C50EC89D1E9F698B00B7EF94 /* BatchedCollection.swift */,
				C50EC89E1E9F698B00B7EF94 /* Bit.swift */,
				C50EC89F1E9F698B00B7EF94 /* BlockCipher.swift */,
				C50EC8A01E9F698B00B7EF94 /* BlockMode */,
				C50EC8AB1E9F698B00B7EF94 /* Blowfish.swift */,
				C50EC8AC1E9F698B00B7EF94 /* ChaCha20.swift */,
				C50EC8AD1E9F698B00B7EF94 /* Checksum.swift */,
				C50EC8AE1E9F698B00B7EF94 /* Cipher.swift */,
				C50EC8AF1E9F698B00B7EF94 /* Collection+Extension.swift */,
				C50EC8B01E9F698B00B7EF94 /* Cryptors.swift */,
				C50EC8B11E9F698B00B7EF94 /* CSArrayType+Extensions.swift */,
				C50EC8B21E9F698B00B7EF94 /* Digest.swift */,
				C50EC8B31E9F698B00B7EF94 /* DigestType.swift */,
				C50EC8B41E9F698B00B7EF94 /* Foundation */,
				C50EC8BE1E9F698B00B7EF94 /* Generics.swift */,
				C50EC8BF1E9F698B00B7EF94 /* HMAC.swift */,
				C50EC8C01E9F698B00B7EF94 /* Info.plist */,
				C50EC8C11E9F698B00B7EF94 /* Int+Extension.swift */,
				C50EC8C21E9F698B00B7EF94 /* IntegerConvertible.swift */,
				C50EC8C31E9F698B00B7EF94 /* MD5.swift */,
				C50EC8C41E9F698B00B7EF94 /* NoPadding.swift */,
				C50EC8C51E9F698B00B7EF94 /* Operators.swift */,
				C50EC8C61E9F698B00B7EF94 /* Padding.swift */,
				C50EC8C71E9F698B00B7EF94 /* PKCS5 */,
				C50EC8CB1E9F698B00B7EF94 /* PKCS7.swift */,
				C50EC8CC1E9F698B00B7EF94 /* Poly1305.swift */,
				C50EC8CD1E9F698B00B7EF94 /* Rabbit.swift */,
				C50EC8CE1E9F698B00B7EF94 /* RandomAccessCryptor.swift */,
				C50EC8CF1E9F698B00B7EF94 /* RandomBytesSequence.swift */,
				C50EC8D01E9F698B00B7EF94 /* SecureBytes.swift */,
				C50EC8D11E9F698B00B7EF94 /* SHA1.swift */,
				C50EC8D21E9F698B00B7EF94 /* SHA2.swift */,
				C50EC8D31E9F698B00B7EF94 /* SHA3.swift */,
				C50EC8D41E9F698B00B7EF94 /* String+Extension.swift */,
				C50EC8D51E9F698B00B7EF94 /* UInt16+Extension.swift */,
				C50EC8D61E9F698B00B7EF94 /* UInt32+Extension.swift */,
				C50EC8D71E9F698B00B7EF94 /* UInt64+Extension.swift */,
				C50EC8D81E9F698B00B7EF94 /* UInt8+Extension.swift */,
				C50EC8D91E9F698B00B7EF94 /* Updatable.swift */,
				C50EC8DA1E9F698B00B7EF94 /* Utils.swift */,
				C50EC8DB1E9F698B00B7EF94 /* ZeroPadding.swift */,
			);
			path = CryptoSwift;
			sourceTree = "<group>";
		};
		C50EC8A01E9F698B00B7EF94 /* BlockMode */ = {
			isa = PBXGroup;
			children = (
				C50EC8A11E9F698B00B7EF94 /* BlockMode.swift */,
				C50EC8A21E9F698B00B7EF94 /* BlockModeOptions.swift */,
				C50EC8A31E9F698B00B7EF94 /* BlockModeWorker.swift */,
				C50EC8A41E9F698B00B7EF94 /* CBC.swift */,
				C50EC8A51E9F698B00B7EF94 /* CFB.swift */,
				C50EC8A61E9F698B00B7EF94 /* CTR.swift */,
				C50EC8A71E9F698B00B7EF94 /* ECB.swift */,
				C50EC8A81E9F698B00B7EF94 /* OFB.swift */,
				C50EC8A91E9F698B00B7EF94 /* PCBC.swift */,
				C50EC8AA1E9F698B00B7EF94 /* RandomAccessBlockModeWorker.swift */,
			);
			path = BlockMode;
			sourceTree = "<group>";
		};
		C50EC8B41E9F698B00B7EF94 /* Foundation */ = {
			isa = PBXGroup;
			children = (
				C50EC8B51E9F698B00B7EF94 /* AES+Foundation.swift */,
				C50EC8B61E9F698B00B7EF94 /* Blowfish+Foundation.swift */,
				C50EC8B71E9F698B00B7EF94 /* ChaCha20+Foundation.swift */,
				C50EC8B81E9F698B00B7EF94 /* CSArrayType+Foundation.swift */,
				C50EC8B91E9F698B00B7EF94 /* Data+Extension.swift */,
				C50EC8BA1E9F698B00B7EF94 /* HMAC+Foundation.swift */,
				C50EC8BB1E9F698B00B7EF94 /* Rabbit+Foundation.swift */,
				C50EC8BC1E9F698B00B7EF94 /* String+FoundationExtension.swift */,
				C50EC8BD1E9F698B00B7EF94 /* Utils+Foundation.swift */,
			);
			path = Foundation;
			sourceTree = "<group>";
		};
		C50EC8C71E9F698B00B7EF94 /* PKCS5 */ = {
			isa = PBXGroup;
			children = (
				C50EC8C81E9F698B00B7EF94 /* PBKDF1.swift */,
				C50EC8C91E9F698B00B7EF94 /* PBKDF2.swift */,
				C50EC8CA1E9F698B00B7EF94 /* PKCS5.swift */,
			);
			path = PKCS5;
			sourceTree = "<group>";
		};
		C5294D9E1E98BDBA00160E3E = {
			isa = PBXGroup;
			children = (
				C5E8516C1E9C71A600E041AE /* Frameworks */,
				C5294DA51E98BEF500160E3E /* Sources */,
				C5294DAD1E98BF6F00160E3E /* BitcoinSwiftIOS */,
				C55AB0641E9A2A6600E71165 /* BitcoinSwiftOSX */,
				C553C9791E9CBD3000EDD787 /* BitcoinSwiftTests */,
				C5294DAC1E98BF6F00160E3E /* Products */,
				C5477D621E9E284B009854FE /* BitcoinSwiftPG.playground */,
			);
			sourceTree = "<group>";
		};
		C5294DA51E98BEF500160E3E /* Sources */ = {
			isa = PBXGroup;
			children = (
				C5477D5C1E9E044A009854FE /* 3rd */,
				C553C9841E9CD56100EDD787 /* extension */,
				C5294E811E98C91D00160E3E /* core */,
			);
			name = Sources;
			sourceTree = "<group>";
		};
		C5294DAC1E98BF6F00160E3E /* Products */ = {
			isa = PBXGroup;
			children = (
				C5294DAB1E98BF6F00160E3E /* BitcoinSwift.framework */,
				C5294DB41E98BF6F00160E3E /* BitcoinSwiftIOSTests.xctest */,
				C55AB0631E9A2A6600E71165 /* BitcoinSwift.framework */,
				C55AB06B1E9A2A6600E71165 /* BitcoinSwiftOSXTests.xctest */,
			);
			name = Products;
			sourceTree = "<group>";
		};
		C5294DAD1E98BF6F00160E3E /* BitcoinSwiftIOS */ = {
			isa = PBXGroup;
			children = (
				C5294DAE1E98BF6F00160E3E /* BitcoinSwiftIOS.h */,
				C5294DAF1E98BF6F00160E3E /* Info.plist */,
			);
			path = BitcoinSwiftIOS;
			sourceTree = "<group>";
		};
		C5294E811E98C91D00160E3E /* core */ = {
			isa = PBXGroup;
			children = (
				C5294E821E98C96C00160E3E /* BTCKey.swift */,
				C553C9881E9CE96100EDD787 /* BTCError.swift */,
				C5365CC61E9F6F8B002F15F3 /* BTCBase58.swift */,
				C5365CCE1E9F7561002F15F3 /* BTCEnvConfig.swift */,
				C5365CD11E9F773B002F15F3 /* BTCAddress.swift */,
			);
			name = core;
			sourceTree = "<group>";
		};
		C5477D5C1E9E044A009854FE /* 3rd */ = {
			isa = PBXGroup;
			children = (
				C50EC8991E9F698B00B7EF94 /* CryptoSwift */,
			);
			name = 3rd;
			path = Sources/3rd;
			sourceTree = "<group>";
		};
		C553C9791E9CBD3000EDD787 /* BitcoinSwiftTests */ = {
			isa = PBXGroup;
			children = (
				C553C97B1E9CBD3000EDD787 /* Supporting Files */,
				C553C97A1E9CBD3000EDD787 /* BTCKey_Tests.swift */,
				C5365CC91E9F70B9002F15F3 /* BTCBase58_Tests.swift */,
			);
			path = BitcoinSwiftTests;
			sourceTree = "<group>";
		};
		C553C97B1E9CBD3000EDD787 /* Supporting Files */ = {
			isa = PBXGroup;
			children = (
				C553C97C1E9CBD3000EDD787 /* IOS-Info.plist */,
				C553C97D1E9CBD3000EDD787 /* OSX-Info.plist */,
			);
			path = "Supporting Files";
			sourceTree = "<group>";
		};
		C553C9841E9CD56100EDD787 /* extension */ = {
			isa = PBXGroup;
			children = (
				C553C9851E9CD5AF00EDD787 /* Data+BitcoinSwift.swift */,
				C5477D631E9E3721009854FE /* String+BitcoinSwift.swift */,
			);
			name = extension;
			sourceTree = "<group>";
		};
		C55AB0641E9A2A6600E71165 /* BitcoinSwiftOSX */ = {
			isa = PBXGroup;
			children = (
				C55AB0651E9A2A6600E71165 /* BitcoinSwiftOSX.h */,
				C55AB0661E9A2A6600E71165 /* Info.plist */,
			);
			path = BitcoinSwiftOSX;
			sourceTree = "<group>";
		};
		C5E8516C1E9C71A600E041AE /* Frameworks */ = {
			isa = PBXGroup;
			children = (
				C5E8516E1E9C748800E041AE /* LibSecp256k1.framework */,
			);
			name = Frameworks;
			sourceTree = "<group>";
		};
/* End PBXGroup section */

/* Begin PBXHeadersBuildPhase section */
		C5294DA81E98BF6F00160E3E /* Headers */ = {
			isa = PBXHeadersBuildPhase;
			buildActionMask = 2147483647;
			files = (
				C5294DBC1E98BF6F00160E3E /* BitcoinSwiftIOS.h in Headers */,
			);
			runOnlyForDeploymentPostprocessing = 0;
		};
		C55AB0601E9A2A6600E71165 /* Headers */ = {
			isa = PBXHeadersBuildPhase;
			buildActionMask = 2147483647;
			files = (
				C55AB0731E9A2A6600E71165 /* BitcoinSwiftOSX.h in Headers */,
			);
			runOnlyForDeploymentPostprocessing = 0;
		};
/* End PBXHeadersBuildPhase section */

/* Begin PBXNativeTarget section */
		C5294DAA1E98BF6F00160E3E /* BitcoinSwiftIOS */ = {
			isa = PBXNativeTarget;
			buildConfigurationList = C5294DBD1E98BF6F00160E3E /* Build configuration list for PBXNativeTarget "BitcoinSwiftIOS" */;
			buildPhases = (
				C5294DA61E98BF6F00160E3E /* Sources */,
				C5294DA71E98BF6F00160E3E /* Frameworks */,
				C5294DA81E98BF6F00160E3E /* Headers */,
				C5294DA91E98BF6F00160E3E /* Resources */,
			);
			buildRules = (
			);
			dependencies = (
			);
			name = BitcoinSwiftIOS;
			productName = BitcoinSwiftIOS;
			productReference = C5294DAB1E98BF6F00160E3E /* BitcoinSwift.framework */;
			productType = "com.apple.product-type.framework";
		};
		C5294DB31E98BF6F00160E3E /* BitcoinSwiftIOSTests */ = {
			isa = PBXNativeTarget;
			buildConfigurationList = C5294DC01E98BF6F00160E3E /* Build configuration list for PBXNativeTarget "BitcoinSwiftIOSTests" */;
			buildPhases = (
				C5294DB01E98BF6F00160E3E /* Sources */,
				C5294DB11E98BF6F00160E3E /* Frameworks */,
				C5294DB21E98BF6F00160E3E /* Resources */,
			);
			buildRules = (
			);
			dependencies = (
				C5294DB71E98BF6F00160E3E /* PBXTargetDependency */,
			);
			name = BitcoinSwiftIOSTests;
			productName = BitcoinSwiftIOSTests;
			productReference = C5294DB41E98BF6F00160E3E /* BitcoinSwiftIOSTests.xctest */;
			productType = "com.apple.product-type.bundle.unit-test";
		};
		C55AB0621E9A2A6600E71165 /* BitcoinSwiftOSX */ = {
			isa = PBXNativeTarget;
			buildConfigurationList = C55AB0741E9A2A6600E71165 /* Build configuration list for PBXNativeTarget "BitcoinSwiftOSX" */;
			buildPhases = (
				C55AB05E1E9A2A6600E71165 /* Sources */,
				C55AB05F1E9A2A6600E71165 /* Frameworks */,
				C55AB0601E9A2A6600E71165 /* Headers */,
				C55AB0611E9A2A6600E71165 /* Resources */,
			);
			buildRules = (
			);
			dependencies = (
			);
			name = BitcoinSwiftOSX;
			productName = BitcoinSwiftOSX;
			productReference = C55AB0631E9A2A6600E71165 /* BitcoinSwift.framework */;
			productType = "com.apple.product-type.framework";
		};
		C55AB06A1E9A2A6600E71165 /* BitcoinSwiftOSXTests */ = {
			isa = PBXNativeTarget;
			buildConfigurationList = C55AB0771E9A2A6600E71165 /* Build configuration list for PBXNativeTarget "BitcoinSwiftOSXTests" */;
			buildPhases = (
				C55AB0671E9A2A6600E71165 /* Sources */,
				C55AB0681E9A2A6600E71165 /* Frameworks */,
				C55AB0691E9A2A6600E71165 /* Resources */,
			);
			buildRules = (
			);
			dependencies = (
				C55AB06E1E9A2A6600E71165 /* PBXTargetDependency */,
			);
			name = BitcoinSwiftOSXTests;
			productName = BitcoinSwiftOSXTests;
			productReference = C55AB06B1E9A2A6600E71165 /* BitcoinSwiftOSXTests.xctest */;
			productType = "com.apple.product-type.bundle.unit-test";
		};
/* End PBXNativeTarget section */

/* Begin PBXProject section */
		C5294D9F1E98BDBA00160E3E /* Project object */ = {
			isa = PBXProject;
			attributes = {
				LastSwiftUpdateCheck = 0830;
				LastUpgradeCheck = 0830;
				TargetAttributes = {
					C5294DAA1E98BF6F00160E3E = {
						CreatedOnToolsVersion = 8.3;
						DevelopmentTeam = 2M2W6LSE6S;
						LastSwiftMigration = 0830;
						ProvisioningStyle = Automatic;
					};
					C5294DB31E98BF6F00160E3E = {
						CreatedOnToolsVersion = 8.3;
						DevelopmentTeam = 2M2W6LSE6S;
						ProvisioningStyle = Automatic;
					};
					C55AB0621E9A2A6600E71165 = {
						CreatedOnToolsVersion = 8.3;
						DevelopmentTeam = 2M2W6LSE6S;
						ProvisioningStyle = Automatic;
					};
					C55AB06A1E9A2A6600E71165 = {
						CreatedOnToolsVersion = 8.3;
						DevelopmentTeam = 2M2W6LSE6S;
						ProvisioningStyle = Automatic;
					};
				};
			};
			buildConfigurationList = C5294DA21E98BDBA00160E3E /* Build configuration list for PBXProject "BitcoinSwift" */;
			compatibilityVersion = "Xcode 3.2";
			developmentRegion = English;
			hasScannedForEncodings = 0;
			knownRegions = (
				en,
			);
			mainGroup = C5294D9E1E98BDBA00160E3E;
			productRefGroup = C5294DAC1E98BF6F00160E3E /* Products */;
			projectDirPath = "";
			projectRoot = "";
			targets = (
				C5294DAA1E98BF6F00160E3E /* BitcoinSwiftIOS */,
				C5294DB31E98BF6F00160E3E /* BitcoinSwiftIOSTests */,
				C55AB0621E9A2A6600E71165 /* BitcoinSwiftOSX */,
				C55AB06A1E9A2A6600E71165 /* BitcoinSwiftOSXTests */,
			);
		};
/* End PBXProject section */

/* Begin PBXResourcesBuildPhase section */
		C5294DA91E98BF6F00160E3E /* Resources */ = {
			isa = PBXResourcesBuildPhase;
			buildActionMask = 2147483647;
			files = (
				C50EC9001E9F698B00B7EF94 /* Info.plist in Resources */,
			);
			runOnlyForDeploymentPostprocessing = 0;
		};
		C5294DB21E98BF6F00160E3E /* Resources */ = {
			isa = PBXResourcesBuildPhase;
			buildActionMask = 2147483647;
			files = (
			);
			runOnlyForDeploymentPostprocessing = 0;
		};
		C55AB0611E9A2A6600E71165 /* Resources */ = {
			isa = PBXResourcesBuildPhase;
			buildActionMask = 2147483647;
			files = (
			);
			runOnlyForDeploymentPostprocessing = 0;
		};
		C55AB0691E9A2A6600E71165 /* Resources */ = {
			isa = PBXResourcesBuildPhase;
			buildActionMask = 2147483647;
			files = (
			);
			runOnlyForDeploymentPostprocessing = 0;
		};
/* End PBXResourcesBuildPhase section */

/* Begin PBXSourcesBuildPhase section */
		C5294DA61E98BF6F00160E3E /* Sources */ = {
			isa = PBXSourcesBuildPhase;
			buildActionMask = 2147483647;
			files = (
				C5365CD21E9F773B002F15F3 /* BTCAddress.swift in Sources */,
				C50EC8FB1E9F698B00B7EF94 /* Rabbit+Foundation.swift in Sources */,
				C553C9861E9CD5AF00EDD787 /* Data+BitcoinSwift.swift in Sources */,
				C50EC9151E9F698B00B7EF94 /* UInt32+Extension.swift in Sources */,
				C50EC8FC1E9F698B00B7EF94 /* String+FoundationExtension.swift in Sources */,
				C50EC9011E9F698B00B7EF94 /* Int+Extension.swift in Sources */,
				C50EC8E11E9F698B00B7EF94 /* BlockCipher.swift in Sources */,
				C50EC9111E9F698B00B7EF94 /* SHA2.swift in Sources */,
				C50EC9101E9F698B00B7EF94 /* SHA1.swift in Sources */,
				C50EC8E21E9F698B00B7EF94 /* BlockMode.swift in Sources */,
				C50EC9141E9F698B00B7EF94 /* UInt16+Extension.swift in Sources */,
				C50EC90C1E9F698B00B7EF94 /* Rabbit.swift in Sources */,
				C50EC8EB1E9F698B00B7EF94 /* RandomAccessBlockModeWorker.swift in Sources */,
				C50EC8F31E9F698B00B7EF94 /* Digest.swift in Sources */,
				C50EC8EE1E9F698B00B7EF94 /* Checksum.swift in Sources */,
				C5365CC71E9F6F8B002F15F3 /* BTCBase58.swift in Sources */,
				C50EC90F1E9F698B00B7EF94 /* SecureBytes.swift in Sources */,
				C50EC91A1E9F698B00B7EF94 /* ZeroPadding.swift in Sources */,
				C50EC9021E9F698B00B7EF94 /* IntegerConvertible.swift in Sources */,
				C50EC9171E9F698B00B7EF94 /* UInt8+Extension.swift in Sources */,
				C50EC9031E9F698B00B7EF94 /* MD5.swift in Sources */,
				C50EC8FF1E9F698B00B7EF94 /* HMAC.swift in Sources */,
				C50EC8F21E9F698B00B7EF94 /* CSArrayType+Extensions.swift in Sources */,
				C50EC9041E9F698B00B7EF94 /* NoPadding.swift in Sources */,
				C50EC8E91E9F698B00B7EF94 /* OFB.swift in Sources */,
				C50EC9071E9F698B00B7EF94 /* PBKDF1.swift in Sources */,
				C50EC8E51E9F698B00B7EF94 /* CBC.swift in Sources */,
				C50EC8E31E9F698B00B7EF94 /* BlockModeOptions.swift in Sources */,
				C50EC90E1E9F698B00B7EF94 /* RandomBytesSequence.swift in Sources */,
				C50EC9091E9F698B00B7EF94 /* PKCS5.swift in Sources */,
				C5365CCF1E9F7561002F15F3 /* BTCEnvConfig.swift in Sources */,
				C50EC8F81E9F698B00B7EF94 /* CSArrayType+Foundation.swift in Sources */,
				C50EC8DE1E9F698B00B7EF94 /* Authenticator.swift in Sources */,
				C50EC9191E9F698B00B7EF94 /* Utils.swift in Sources */,
				C50EC9081E9F698B00B7EF94 /* PBKDF2.swift in Sources */,
				C50EC9051E9F698B00B7EF94 /* Operators.swift in Sources */,
				C50EC9131E9F698B00B7EF94 /* String+Extension.swift in Sources */,
				C50EC8DC1E9F698B00B7EF94 /* AES.swift in Sources */,
				C50EC8EC1E9F698B00B7EF94 /* Blowfish.swift in Sources */,
				C553C9891E9CE96100EDD787 /* BTCError.swift in Sources */,
				C50EC8FE1E9F698B00B7EF94 /* Generics.swift in Sources */,
				C5477D641E9E3721009854FE /* String+BitcoinSwift.swift in Sources */,
				C50EC8E01E9F698B00B7EF94 /* Bit.swift in Sources */,
				C50EC8E81E9F698B00B7EF94 /* ECB.swift in Sources */,
				C50EC9061E9F698B00B7EF94 /* Padding.swift in Sources */,
				C50EC8E71E9F698B00B7EF94 /* CTR.swift in Sources */,
				C50EC8DD1E9F698B00B7EF94 /* Array+Extension.swift in Sources */,
				C5294E831E98C96C00160E3E /* BTCKey.swift in Sources */,
				C50EC8F71E9F698B00B7EF94 /* ChaCha20+Foundation.swift in Sources */,
				C50EC90D1E9F698B00B7EF94 /* RandomAccessCryptor.swift in Sources */,
				C50EC8F91E9F698B00B7EF94 /* Data+Extension.swift in Sources */,
				C50EC90A1E9F698B00B7EF94 /* PKCS7.swift in Sources */,
				C50EC9181E9F698B00B7EF94 /* Updatable.swift in Sources */,
				C50EC8F61E9F698B00B7EF94 /* Blowfish+Foundation.swift in Sources */,
				C50EC8E41E9F698B00B7EF94 /* BlockModeWorker.swift in Sources */,
				C50EC8EA1E9F698B00B7EF94 /* PCBC.swift in Sources */,
				C50EC8F01E9F698B00B7EF94 /* Collection+Extension.swift in Sources */,
				C50EC90B1E9F698B00B7EF94 /* Poly1305.swift in Sources */,
				C50EC9121E9F698B00B7EF94 /* SHA3.swift in Sources */,
				C50EC9161E9F698B00B7EF94 /* UInt64+Extension.swift in Sources */,
				C50EC8FD1E9F698B00B7EF94 /* Utils+Foundation.swift in Sources */,
				C50EC8ED1E9F698B00B7EF94 /* ChaCha20.swift in Sources */,
				C50EC8EF1E9F698B00B7EF94 /* Cipher.swift in Sources */,
				C50EC8DF1E9F698B00B7EF94 /* BatchedCollection.swift in Sources */,
				C50EC8F41E9F698B00B7EF94 /* DigestType.swift in Sources */,
				C50EC8E61E9F698B00B7EF94 /* CFB.swift in Sources */,
				C50EC8F51E9F698B00B7EF94 /* AES+Foundation.swift in Sources */,
				C50EC8F11E9F698B00B7EF94 /* Cryptors.swift in Sources */,
				C50EC8FA1E9F698B00B7EF94 /* HMAC+Foundation.swift in Sources */,
			);
			runOnlyForDeploymentPostprocessing = 0;
		};
		C5294DB01E98BF6F00160E3E /* Sources */ = {
			isa = PBXSourcesBuildPhase;
			buildActionMask = 2147483647;
			files = (
				C553C9811E9CBDC700EDD787 /* BTCKey_Tests.swift in Sources */,
				C5365CCC1E9F72F8002F15F3 /* BTCBase58_Tests.swift in Sources */,
			);
			runOnlyForDeploymentPostprocessing = 0;
		};
		C55AB05E1E9A2A6600E71165 /* Sources */ = {
			isa = PBXSourcesBuildPhase;
			buildActionMask = 2147483647;
			files = (
				C553C9871E9CD5AF00EDD787 /* Data+BitcoinSwift.swift in Sources */,
				C5365CD01E9F7561002F15F3 /* BTCEnvConfig.swift in Sources */,
				C553C98A1E9CE96100EDD787 /* BTCError.swift in Sources */,
				C55AB07B1E9A2A8C00E71165 /* BTCKey.swift in Sources */,
				C5365CC81E9F6F8B002F15F3 /* BTCBase58.swift in Sources */,
				C5365CD31E9F773B002F15F3 /* BTCAddress.swift in Sources */,
				C5477D651E9E3721009854FE /* String+BitcoinSwift.swift in Sources */,
			);
			runOnlyForDeploymentPostprocessing = 0;
		};
		C55AB0671E9A2A6600E71165 /* Sources */ = {
			isa = PBXSourcesBuildPhase;
			buildActionMask = 2147483647;
			files = (
				C553C9821E9CBDC700EDD787 /* BTCKey_Tests.swift in Sources */,
				C5365CCD1E9F72F8002F15F3 /* BTCBase58_Tests.swift in Sources */,
			);
			runOnlyForDeploymentPostprocessing = 0;
		};
/* End PBXSourcesBuildPhase section */

/* Begin PBXTargetDependency section */
		C5294DB71E98BF6F00160E3E /* PBXTargetDependency */ = {
			isa = PBXTargetDependency;
			target = C5294DAA1E98BF6F00160E3E /* BitcoinSwiftIOS */;
			targetProxy = C5294DB61E98BF6F00160E3E /* PBXContainerItemProxy */;
		};
		C55AB06E1E9A2A6600E71165 /* PBXTargetDependency */ = {
			isa = PBXTargetDependency;
			target = C55AB0621E9A2A6600E71165 /* BitcoinSwiftOSX */;
			targetProxy = C55AB06D1E9A2A6600E71165 /* PBXContainerItemProxy */;
		};
/* End PBXTargetDependency section */

/* Begin XCBuildConfiguration section */
		C5294DA31E98BDBA00160E3E /* Debug */ = {
			isa = XCBuildConfiguration;
			buildSettings = {
				ALWAYS_SEARCH_USER_PATHS = NO;
				CLANG_CXX_LANGUAGE_STANDARD = "compiler-default";
				CLANG_CXX_LIBRARY = "compiler-default";
				CLANG_ENABLE_MODULES = YES;
				CLANG_WARN_SUSPICIOUS_MOVE = NO;
				DEFINES_MODULE = NO;
				GCC_C_LANGUAGE_STANDARD = "compiler-default";
				HEADER_SEARCH_PATHS = "";
				MODULEMAP_FILE = "";
				OTHER_CFLAGS = "";
				SWIFT_INCLUDE_PATHS = "";
				SWIFT_OBJC_BRIDGING_HEADER = "";
				SWIFT_VERSION = 3.0;
				USER_HEADER_SEARCH_PATHS = "";
			};
			name = Debug;
		};
		C5294DA41E98BDBA00160E3E /* Release */ = {
			isa = XCBuildConfiguration;
			buildSettings = {
				ALWAYS_SEARCH_USER_PATHS = NO;
				CLANG_CXX_LANGUAGE_STANDARD = "compiler-default";
				CLANG_CXX_LIBRARY = "compiler-default";
				CLANG_ENABLE_MODULES = YES;
				CLANG_WARN_SUSPICIOUS_MOVE = NO;
				DEFINES_MODULE = NO;
				GCC_C_LANGUAGE_STANDARD = "compiler-default";
				HEADER_SEARCH_PATHS = "";
				MODULEMAP_FILE = "";
				OTHER_CFLAGS = "";
				SWIFT_INCLUDE_PATHS = "";
				SWIFT_OBJC_BRIDGING_HEADER = "";
				SWIFT_VERSION = 3.0;
				USER_HEADER_SEARCH_PATHS = "";
			};
			name = Release;
		};
		C5294DBE1E98BF6F00160E3E /* Debug */ = {
			isa = XCBuildConfiguration;
			buildSettings = {
				ALWAYS_SEARCH_USER_PATHS = NO;
				CLANG_ANALYZER_NONNULL = YES;
				CLANG_ANALYZER_NUMBER_OBJECT_CONVERSION = YES_AGGRESSIVE;
				CLANG_CXX_LANGUAGE_STANDARD = "gnu++0x";
				CLANG_CXX_LIBRARY = "libc++";
				CLANG_ENABLE_MODULES = YES;
				CLANG_ENABLE_OBJC_ARC = YES;
				CLANG_WARN_BOOL_CONVERSION = YES;
				CLANG_WARN_CONSTANT_CONVERSION = YES;
				CLANG_WARN_DIRECT_OBJC_ISA_USAGE = YES_ERROR;
				CLANG_WARN_DOCUMENTATION_COMMENTS = YES;
				CLANG_WARN_EMPTY_BODY = YES;
				CLANG_WARN_ENUM_CONVERSION = YES;
				CLANG_WARN_INFINITE_RECURSION = YES;
				CLANG_WARN_INT_CONVERSION = YES;
				CLANG_WARN_OBJC_ROOT_CLASS = YES_ERROR;
				CLANG_WARN_SUSPICIOUS_MOVE = YES;
				CLANG_WARN_UNREACHABLE_CODE = YES;
				CLANG_WARN__DUPLICATE_METHOD_MATCH = YES;
				CODE_SIGN_IDENTITY = "";
				"CODE_SIGN_IDENTITY[sdk=iphoneos*]" = "iPhone Developer";
				COPY_PHASE_STRIP = NO;
				CURRENT_PROJECT_VERSION = 1;
				DEBUG_INFORMATION_FORMAT = dwarf;
				DEFINES_MODULE = YES;
				DEVELOPMENT_TEAM = 2M2W6LSE6S;
				DYLIB_COMPATIBILITY_VERSION = 1;
				DYLIB_CURRENT_VERSION = 1;
				DYLIB_INSTALL_NAME_BASE = "@rpath";
				ENABLE_BITCODE = YES;
				ENABLE_STRICT_OBJC_MSGSEND = YES;
				ENABLE_TESTABILITY = YES;
				FRAMEWORK_SEARCH_PATHS = (
					"$(inherited)",
					"$(PROJECT_DIR)/Frameworks",
				);
				GCC_C_LANGUAGE_STANDARD = gnu99;
				GCC_DYNAMIC_NO_PIC = NO;
				GCC_NO_COMMON_BLOCKS = YES;
				GCC_OPTIMIZATION_LEVEL = 0;
				GCC_PREPROCESSOR_DEFINITIONS = (
					"DEBUG=1",
					"$(inherited)",
				);
				GCC_WARN_64_TO_32_BIT_CONVERSION = YES;
				GCC_WARN_ABOUT_RETURN_TYPE = YES_ERROR;
				GCC_WARN_UNDECLARED_SELECTOR = YES;
				GCC_WARN_UNINITIALIZED_AUTOS = YES_AGGRESSIVE;
				GCC_WARN_UNUSED_FUNCTION = YES;
				GCC_WARN_UNUSED_VARIABLE = YES;
				HEADER_SEARCH_PATHS = "";
				INFOPLIST_FILE = BitcoinSwiftIOS/Info.plist;
				INSTALL_PATH = "$(LOCAL_LIBRARY_DIR)/Frameworks";
				IPHONEOS_DEPLOYMENT_TARGET = 8.0;
				LD_RUNPATH_SEARCH_PATHS = "$(inherited) @executable_path/Frameworks @loader_path/Frameworks";
				LIBRARY_SEARCH_PATHS = "$(inherited)";
				MTL_ENABLE_DEBUG_INFO = YES;
				ONLY_ACTIVE_ARCH = YES;
				PRODUCT_BUNDLE_IDENTIFIER = com.chance.app.BitcoinSwiftIOS;
				PRODUCT_NAME = "$(PROJECT_NAME)";
				SDKROOT = iphoneos;
				SKIP_INSTALL = YES;
				SWIFT_ACTIVE_COMPILATION_CONDITIONS = DEBUG;
				SWIFT_INCLUDE_PATHS = "";
				SWIFT_OBJC_BRIDGING_HEADER = "";
				SWIFT_OPTIMIZATION_LEVEL = "-Onone";
				SWIFT_VERSION = 3.0;
				TARGETED_DEVICE_FAMILY = "1,2";
				USER_HEADER_SEARCH_PATHS = "";
				VERSIONING_SYSTEM = "apple-generic";
				VERSION_INFO_PREFIX = "";
			};
			name = Debug;
		};
		C5294DBF1E98BF6F00160E3E /* Release */ = {
			isa = XCBuildConfiguration;
			buildSettings = {
				ALWAYS_SEARCH_USER_PATHS = NO;
				CLANG_ANALYZER_NONNULL = YES;
				CLANG_ANALYZER_NUMBER_OBJECT_CONVERSION = YES_AGGRESSIVE;
				CLANG_CXX_LANGUAGE_STANDARD = "gnu++0x";
				CLANG_CXX_LIBRARY = "libc++";
				CLANG_ENABLE_MODULES = YES;
				CLANG_ENABLE_OBJC_ARC = YES;
				CLANG_WARN_BOOL_CONVERSION = YES;
				CLANG_WARN_CONSTANT_CONVERSION = YES;
				CLANG_WARN_DIRECT_OBJC_ISA_USAGE = YES_ERROR;
				CLANG_WARN_DOCUMENTATION_COMMENTS = YES;
				CLANG_WARN_EMPTY_BODY = YES;
				CLANG_WARN_ENUM_CONVERSION = YES;
				CLANG_WARN_INFINITE_RECURSION = YES;
				CLANG_WARN_INT_CONVERSION = YES;
				CLANG_WARN_OBJC_ROOT_CLASS = YES_ERROR;
				CLANG_WARN_SUSPICIOUS_MOVE = YES;
				CLANG_WARN_UNREACHABLE_CODE = YES;
				CLANG_WARN__DUPLICATE_METHOD_MATCH = YES;
				CODE_SIGN_IDENTITY = "";
				"CODE_SIGN_IDENTITY[sdk=iphoneos*]" = "iPhone Developer";
				COPY_PHASE_STRIP = NO;
				CURRENT_PROJECT_VERSION = 1;
				DEBUG_INFORMATION_FORMAT = "dwarf-with-dsym";
				DEFINES_MODULE = YES;
				DEVELOPMENT_TEAM = 2M2W6LSE6S;
				DYLIB_COMPATIBILITY_VERSION = 1;
				DYLIB_CURRENT_VERSION = 1;
				DYLIB_INSTALL_NAME_BASE = "@rpath";
				ENABLE_BITCODE = YES;
				ENABLE_NS_ASSERTIONS = NO;
				ENABLE_STRICT_OBJC_MSGSEND = YES;
				FRAMEWORK_SEARCH_PATHS = (
					"$(inherited)",
					"$(PROJECT_DIR)/Frameworks",
				);
				GCC_C_LANGUAGE_STANDARD = gnu99;
				GCC_NO_COMMON_BLOCKS = YES;
				GCC_WARN_64_TO_32_BIT_CONVERSION = YES;
				GCC_WARN_ABOUT_RETURN_TYPE = YES_ERROR;
				GCC_WARN_UNDECLARED_SELECTOR = YES;
				GCC_WARN_UNINITIALIZED_AUTOS = YES_AGGRESSIVE;
				GCC_WARN_UNUSED_FUNCTION = YES;
				GCC_WARN_UNUSED_VARIABLE = YES;
				HEADER_SEARCH_PATHS = "";
				INFOPLIST_FILE = BitcoinSwiftIOS/Info.plist;
				INSTALL_PATH = "$(LOCAL_LIBRARY_DIR)/Frameworks";
				IPHONEOS_DEPLOYMENT_TARGET = 8.0;
				LD_RUNPATH_SEARCH_PATHS = "$(inherited) @executable_path/Frameworks @loader_path/Frameworks";
				LIBRARY_SEARCH_PATHS = "$(inherited)";
				MTL_ENABLE_DEBUG_INFO = NO;
				PRODUCT_BUNDLE_IDENTIFIER = com.chance.app.BitcoinSwiftIOS;
				PRODUCT_NAME = "$(PROJECT_NAME)";
				SDKROOT = iphoneos;
				SKIP_INSTALL = YES;
				SWIFT_INCLUDE_PATHS = "";
				SWIFT_OBJC_BRIDGING_HEADER = "";
				SWIFT_OPTIMIZATION_LEVEL = "-Owholemodule";
				SWIFT_VERSION = 3.0;
				TARGETED_DEVICE_FAMILY = "1,2";
				USER_HEADER_SEARCH_PATHS = "";
				VALIDATE_PRODUCT = YES;
				VERSIONING_SYSTEM = "apple-generic";
				VERSION_INFO_PREFIX = "";
			};
			name = Release;
		};
		C5294DC11E98BF6F00160E3E /* Debug */ = {
			isa = XCBuildConfiguration;
			buildSettings = {
				ALWAYS_EMBED_SWIFT_STANDARD_LIBRARIES = YES;
				ALWAYS_SEARCH_USER_PATHS = NO;
				CLANG_ANALYZER_NONNULL = YES;
				CLANG_ANALYZER_NUMBER_OBJECT_CONVERSION = YES_AGGRESSIVE;
				CLANG_CXX_LANGUAGE_STANDARD = "gnu++0x";
				CLANG_CXX_LIBRARY = "libc++";
				CLANG_ENABLE_MODULES = YES;
				CLANG_ENABLE_OBJC_ARC = YES;
				CLANG_WARN_BOOL_CONVERSION = YES;
				CLANG_WARN_CONSTANT_CONVERSION = YES;
				CLANG_WARN_DIRECT_OBJC_ISA_USAGE = YES_ERROR;
				CLANG_WARN_DOCUMENTATION_COMMENTS = YES;
				CLANG_WARN_EMPTY_BODY = YES;
				CLANG_WARN_ENUM_CONVERSION = YES;
				CLANG_WARN_INFINITE_RECURSION = YES;
				CLANG_WARN_INT_CONVERSION = YES;
				CLANG_WARN_OBJC_ROOT_CLASS = YES_ERROR;
				CLANG_WARN_SUSPICIOUS_MOVE = YES;
				CLANG_WARN_UNREACHABLE_CODE = YES;
				CLANG_WARN__DUPLICATE_METHOD_MATCH = YES;
				"CODE_SIGN_IDENTITY[sdk=iphoneos*]" = "iPhone Developer";
				COPY_PHASE_STRIP = NO;
				DEBUG_INFORMATION_FORMAT = dwarf;
				DEVELOPMENT_TEAM = 2M2W6LSE6S;
				ENABLE_STRICT_OBJC_MSGSEND = YES;
				ENABLE_TESTABILITY = YES;
				GCC_C_LANGUAGE_STANDARD = gnu99;
				GCC_DYNAMIC_NO_PIC = NO;
				GCC_NO_COMMON_BLOCKS = YES;
				GCC_OPTIMIZATION_LEVEL = 0;
				GCC_PREPROCESSOR_DEFINITIONS = (
					"DEBUG=1",
					"$(inherited)",
				);
				GCC_WARN_64_TO_32_BIT_CONVERSION = YES;
				GCC_WARN_ABOUT_RETURN_TYPE = YES_ERROR;
				GCC_WARN_UNDECLARED_SELECTOR = YES;
				GCC_WARN_UNINITIALIZED_AUTOS = YES_AGGRESSIVE;
				GCC_WARN_UNUSED_FUNCTION = YES;
				GCC_WARN_UNUSED_VARIABLE = YES;
				INFOPLIST_FILE = "BitcoinSwiftTests/Supporting Files/IOS-Info.plist";
				IPHONEOS_DEPLOYMENT_TARGET = 10.3;
				LD_RUNPATH_SEARCH_PATHS = "$(inherited) @executable_path/Frameworks @loader_path/Frameworks";
				MTL_ENABLE_DEBUG_INFO = YES;
				ONLY_ACTIVE_ARCH = YES;
				PRODUCT_BUNDLE_IDENTIFIER = com.chance.app.BitcoinSwiftIOSTests;
				PRODUCT_NAME = "$(TARGET_NAME)";
				SDKROOT = iphoneos;
				SWIFT_ACTIVE_COMPILATION_CONDITIONS = DEBUG;
				SWIFT_OPTIMIZATION_LEVEL = "-Onone";
				SWIFT_VERSION = 3.0;
			};
			name = Debug;
		};
		C5294DC21E98BF6F00160E3E /* Release */ = {
			isa = XCBuildConfiguration;
			buildSettings = {
				ALWAYS_EMBED_SWIFT_STANDARD_LIBRARIES = YES;
				ALWAYS_SEARCH_USER_PATHS = NO;
				CLANG_ANALYZER_NONNULL = YES;
				CLANG_ANALYZER_NUMBER_OBJECT_CONVERSION = YES_AGGRESSIVE;
				CLANG_CXX_LANGUAGE_STANDARD = "gnu++0x";
				CLANG_CXX_LIBRARY = "libc++";
				CLANG_ENABLE_MODULES = YES;
				CLANG_ENABLE_OBJC_ARC = YES;
				CLANG_WARN_BOOL_CONVERSION = YES;
				CLANG_WARN_CONSTANT_CONVERSION = YES;
				CLANG_WARN_DIRECT_OBJC_ISA_USAGE = YES_ERROR;
				CLANG_WARN_DOCUMENTATION_COMMENTS = YES;
				CLANG_WARN_EMPTY_BODY = YES;
				CLANG_WARN_ENUM_CONVERSION = YES;
				CLANG_WARN_INFINITE_RECURSION = YES;
				CLANG_WARN_INT_CONVERSION = YES;
				CLANG_WARN_OBJC_ROOT_CLASS = YES_ERROR;
				CLANG_WARN_SUSPICIOUS_MOVE = YES;
				CLANG_WARN_UNREACHABLE_CODE = YES;
				CLANG_WARN__DUPLICATE_METHOD_MATCH = YES;
				"CODE_SIGN_IDENTITY[sdk=iphoneos*]" = "iPhone Developer";
				COPY_PHASE_STRIP = NO;
				DEBUG_INFORMATION_FORMAT = "dwarf-with-dsym";
				DEVELOPMENT_TEAM = 2M2W6LSE6S;
				ENABLE_NS_ASSERTIONS = NO;
				ENABLE_STRICT_OBJC_MSGSEND = YES;
				GCC_C_LANGUAGE_STANDARD = gnu99;
				GCC_NO_COMMON_BLOCKS = YES;
				GCC_WARN_64_TO_32_BIT_CONVERSION = YES;
				GCC_WARN_ABOUT_RETURN_TYPE = YES_ERROR;
				GCC_WARN_UNDECLARED_SELECTOR = YES;
				GCC_WARN_UNINITIALIZED_AUTOS = YES_AGGRESSIVE;
				GCC_WARN_UNUSED_FUNCTION = YES;
				GCC_WARN_UNUSED_VARIABLE = YES;
				INFOPLIST_FILE = "BitcoinSwiftTests/Supporting Files/IOS-Info.plist";
				IPHONEOS_DEPLOYMENT_TARGET = 10.3;
				LD_RUNPATH_SEARCH_PATHS = "$(inherited) @executable_path/Frameworks @loader_path/Frameworks";
				MTL_ENABLE_DEBUG_INFO = NO;
				PRODUCT_BUNDLE_IDENTIFIER = com.chance.app.BitcoinSwiftIOSTests;
				PRODUCT_NAME = "$(TARGET_NAME)";
				SDKROOT = iphoneos;
				SWIFT_OPTIMIZATION_LEVEL = "-Owholemodule";
				SWIFT_VERSION = 3.0;
				VALIDATE_PRODUCT = YES;
			};
			name = Release;
		};
		C55AB0751E9A2A6600E71165 /* Debug */ = {
			isa = XCBuildConfiguration;
			buildSettings = {
				CLANG_ANALYZER_NONNULL = YES;
				CLANG_ANALYZER_NUMBER_OBJECT_CONVERSION = YES_AGGRESSIVE;
				CLANG_CXX_LANGUAGE_STANDARD = "gnu++0x";
				CLANG_CXX_LIBRARY = "libc++";
				CLANG_ENABLE_OBJC_ARC = YES;
				CLANG_WARN_BOOL_CONVERSION = YES;
				CLANG_WARN_CONSTANT_CONVERSION = YES;
				CLANG_WARN_DIRECT_OBJC_ISA_USAGE = YES_ERROR;
				CLANG_WARN_DOCUMENTATION_COMMENTS = YES;
				CLANG_WARN_EMPTY_BODY = YES;
				CLANG_WARN_ENUM_CONVERSION = YES;
				CLANG_WARN_INFINITE_RECURSION = YES;
				CLANG_WARN_INT_CONVERSION = YES;
				CLANG_WARN_OBJC_ROOT_CLASS = YES_ERROR;
				CLANG_WARN_SUSPICIOUS_MOVE = YES;
				CLANG_WARN_UNREACHABLE_CODE = YES;
				CLANG_WARN__DUPLICATE_METHOD_MATCH = YES;
				CODE_SIGN_IDENTITY = "-";
				COMBINE_HIDPI_IMAGES = YES;
				COPY_PHASE_STRIP = NO;
				CURRENT_PROJECT_VERSION = 1;
				DEBUG_INFORMATION_FORMAT = dwarf;
				DEFINES_MODULE = YES;
				DEVELOPMENT_TEAM = 2M2W6LSE6S;
				DYLIB_COMPATIBILITY_VERSION = 1;
				DYLIB_CURRENT_VERSION = 1;
				DYLIB_INSTALL_NAME_BASE = "@rpath";
				ENABLE_STRICT_OBJC_MSGSEND = YES;
				ENABLE_TESTABILITY = YES;
				FRAMEWORK_SEARCH_PATHS = (
					"$(inherited)",
					"$(PROJECT_DIR)/Frameworks",
				);
				FRAMEWORK_VERSION = A;
				GCC_C_LANGUAGE_STANDARD = gnu99;
				GCC_DYNAMIC_NO_PIC = NO;
				GCC_NO_COMMON_BLOCKS = YES;
				GCC_OPTIMIZATION_LEVEL = 0;
				GCC_PREPROCESSOR_DEFINITIONS = (
					"DEBUG=1",
					"$(inherited)",
				);
				GCC_WARN_64_TO_32_BIT_CONVERSION = YES;
				GCC_WARN_ABOUT_RETURN_TYPE = YES_ERROR;
				GCC_WARN_UNDECLARED_SELECTOR = YES;
				GCC_WARN_UNINITIALIZED_AUTOS = YES_AGGRESSIVE;
				GCC_WARN_UNUSED_FUNCTION = YES;
				GCC_WARN_UNUSED_VARIABLE = YES;
				INFOPLIST_FILE = BitcoinSwiftOSX/Info.plist;
				INSTALL_PATH = "$(LOCAL_LIBRARY_DIR)/Frameworks";
				LD_RUNPATH_SEARCH_PATHS = "$(inherited) @executable_path/../Frameworks @loader_path/Frameworks";
				MACOSX_DEPLOYMENT_TARGET = 10.12;
				MTL_ENABLE_DEBUG_INFO = YES;
				ONLY_ACTIVE_ARCH = YES;
				PRODUCT_BUNDLE_IDENTIFIER = com.chance.app.BitcoinSwiftOSX;
				PRODUCT_NAME = "$(PROJECT_NAME)";
				SDKROOT = macosx;
				SKIP_INSTALL = YES;
				SWIFT_ACTIVE_COMPILATION_CONDITIONS = DEBUG;
				SWIFT_INCLUDE_PATHS = "";
				SWIFT_OPTIMIZATION_LEVEL = "-Onone";
				SWIFT_VERSION = 3.0;
				VERSIONING_SYSTEM = "apple-generic";
				VERSION_INFO_PREFIX = "";
			};
			name = Debug;
		};
		C55AB0761E9A2A6600E71165 /* Release */ = {
			isa = XCBuildConfiguration;
			buildSettings = {
				CLANG_ANALYZER_NONNULL = YES;
				CLANG_ANALYZER_NUMBER_OBJECT_CONVERSION = YES_AGGRESSIVE;
				CLANG_CXX_LANGUAGE_STANDARD = "gnu++0x";
				CLANG_CXX_LIBRARY = "libc++";
				CLANG_ENABLE_OBJC_ARC = YES;
				CLANG_WARN_BOOL_CONVERSION = YES;
				CLANG_WARN_CONSTANT_CONVERSION = YES;
				CLANG_WARN_DIRECT_OBJC_ISA_USAGE = YES_ERROR;
				CLANG_WARN_DOCUMENTATION_COMMENTS = YES;
				CLANG_WARN_EMPTY_BODY = YES;
				CLANG_WARN_ENUM_CONVERSION = YES;
				CLANG_WARN_INFINITE_RECURSION = YES;
				CLANG_WARN_INT_CONVERSION = YES;
				CLANG_WARN_OBJC_ROOT_CLASS = YES_ERROR;
				CLANG_WARN_SUSPICIOUS_MOVE = YES;
				CLANG_WARN_UNREACHABLE_CODE = YES;
				CLANG_WARN__DUPLICATE_METHOD_MATCH = YES;
				CODE_SIGN_IDENTITY = "-";
				COMBINE_HIDPI_IMAGES = YES;
				COPY_PHASE_STRIP = NO;
				CURRENT_PROJECT_VERSION = 1;
				DEBUG_INFORMATION_FORMAT = "dwarf-with-dsym";
				DEFINES_MODULE = YES;
				DEVELOPMENT_TEAM = 2M2W6LSE6S;
				DYLIB_COMPATIBILITY_VERSION = 1;
				DYLIB_CURRENT_VERSION = 1;
				DYLIB_INSTALL_NAME_BASE = "@rpath";
				ENABLE_NS_ASSERTIONS = NO;
				ENABLE_STRICT_OBJC_MSGSEND = YES;
				FRAMEWORK_SEARCH_PATHS = (
					"$(inherited)",
					"$(PROJECT_DIR)/Frameworks",
				);
				FRAMEWORK_VERSION = A;
				GCC_C_LANGUAGE_STANDARD = gnu99;
				GCC_NO_COMMON_BLOCKS = YES;
				GCC_WARN_64_TO_32_BIT_CONVERSION = YES;
				GCC_WARN_ABOUT_RETURN_TYPE = YES_ERROR;
				GCC_WARN_UNDECLARED_SELECTOR = YES;
				GCC_WARN_UNINITIALIZED_AUTOS = YES_AGGRESSIVE;
				GCC_WARN_UNUSED_FUNCTION = YES;
				GCC_WARN_UNUSED_VARIABLE = YES;
				INFOPLIST_FILE = BitcoinSwiftOSX/Info.plist;
				INSTALL_PATH = "$(LOCAL_LIBRARY_DIR)/Frameworks";
				LD_RUNPATH_SEARCH_PATHS = "$(inherited) @executable_path/../Frameworks @loader_path/Frameworks";
				MACOSX_DEPLOYMENT_TARGET = 10.12;
				MTL_ENABLE_DEBUG_INFO = NO;
				PRODUCT_BUNDLE_IDENTIFIER = com.chance.app.BitcoinSwiftOSX;
				PRODUCT_NAME = "$(PROJECT_NAME)";
				SDKROOT = macosx;
				SKIP_INSTALL = YES;
				SWIFT_INCLUDE_PATHS = "";
				SWIFT_OPTIMIZATION_LEVEL = "-Owholemodule";
				SWIFT_VERSION = 3.0;
				VERSIONING_SYSTEM = "apple-generic";
				VERSION_INFO_PREFIX = "";
			};
			name = Release;
		};
		C55AB0781E9A2A6600E71165 /* Debug */ = {
			isa = XCBuildConfiguration;
			buildSettings = {
				ALWAYS_EMBED_SWIFT_STANDARD_LIBRARIES = YES;
				CLANG_ANALYZER_NONNULL = YES;
				CLANG_ANALYZER_NUMBER_OBJECT_CONVERSION = YES_AGGRESSIVE;
				CLANG_CXX_LANGUAGE_STANDARD = "gnu++0x";
				CLANG_CXX_LIBRARY = "libc++";
				CLANG_ENABLE_OBJC_ARC = YES;
				CLANG_WARN_BOOL_CONVERSION = YES;
				CLANG_WARN_CONSTANT_CONVERSION = YES;
				CLANG_WARN_DIRECT_OBJC_ISA_USAGE = YES_ERROR;
				CLANG_WARN_DOCUMENTATION_COMMENTS = YES;
				CLANG_WARN_EMPTY_BODY = YES;
				CLANG_WARN_ENUM_CONVERSION = YES;
				CLANG_WARN_INFINITE_RECURSION = YES;
				CLANG_WARN_INT_CONVERSION = YES;
				CLANG_WARN_OBJC_ROOT_CLASS = YES_ERROR;
				CLANG_WARN_SUSPICIOUS_MOVE = YES;
				CLANG_WARN_UNREACHABLE_CODE = YES;
				CLANG_WARN__DUPLICATE_METHOD_MATCH = YES;
				CODE_SIGN_IDENTITY = "-";
				COMBINE_HIDPI_IMAGES = YES;
				COPY_PHASE_STRIP = NO;
				DEBUG_INFORMATION_FORMAT = dwarf;
				DEVELOPMENT_TEAM = 2M2W6LSE6S;
				ENABLE_STRICT_OBJC_MSGSEND = YES;
				ENABLE_TESTABILITY = YES;
				GCC_C_LANGUAGE_STANDARD = gnu99;
				GCC_DYNAMIC_NO_PIC = NO;
				GCC_NO_COMMON_BLOCKS = YES;
				GCC_OPTIMIZATION_LEVEL = 0;
				GCC_PREPROCESSOR_DEFINITIONS = (
					"DEBUG=1",
					"$(inherited)",
				);
				GCC_WARN_64_TO_32_BIT_CONVERSION = YES;
				GCC_WARN_ABOUT_RETURN_TYPE = YES_ERROR;
				GCC_WARN_UNDECLARED_SELECTOR = YES;
				GCC_WARN_UNINITIALIZED_AUTOS = YES_AGGRESSIVE;
				GCC_WARN_UNUSED_FUNCTION = YES;
				GCC_WARN_UNUSED_VARIABLE = YES;
				INFOPLIST_FILE = "BitcoinSwiftTests/Supporting Files/OSX-Info.plist";
				LD_RUNPATH_SEARCH_PATHS = "$(inherited) @executable_path/../Frameworks @loader_path/../Frameworks";
				MACOSX_DEPLOYMENT_TARGET = 10.12;
				MTL_ENABLE_DEBUG_INFO = YES;
				ONLY_ACTIVE_ARCH = YES;
				PRODUCT_BUNDLE_IDENTIFIER = com.chance.app.BitcoinSwiftOSXTests;
				PRODUCT_NAME = "$(TARGET_NAME)";
				SDKROOT = macosx;
				SWIFT_ACTIVE_COMPILATION_CONDITIONS = DEBUG;
				SWIFT_OPTIMIZATION_LEVEL = "-Onone";
				SWIFT_VERSION = 3.0;
			};
			name = Debug;
		};
		C55AB0791E9A2A6600E71165 /* Release */ = {
			isa = XCBuildConfiguration;
			buildSettings = {
				ALWAYS_EMBED_SWIFT_STANDARD_LIBRARIES = YES;
				CLANG_ANALYZER_NONNULL = YES;
				CLANG_ANALYZER_NUMBER_OBJECT_CONVERSION = YES_AGGRESSIVE;
				CLANG_CXX_LANGUAGE_STANDARD = "gnu++0x";
				CLANG_CXX_LIBRARY = "libc++";
				CLANG_ENABLE_OBJC_ARC = YES;
				CLANG_WARN_BOOL_CONVERSION = YES;
				CLANG_WARN_CONSTANT_CONVERSION = YES;
				CLANG_WARN_DIRECT_OBJC_ISA_USAGE = YES_ERROR;
				CLANG_WARN_DOCUMENTATION_COMMENTS = YES;
				CLANG_WARN_EMPTY_BODY = YES;
				CLANG_WARN_ENUM_CONVERSION = YES;
				CLANG_WARN_INFINITE_RECURSION = YES;
				CLANG_WARN_INT_CONVERSION = YES;
				CLANG_WARN_OBJC_ROOT_CLASS = YES_ERROR;
				CLANG_WARN_SUSPICIOUS_MOVE = YES;
				CLANG_WARN_UNREACHABLE_CODE = YES;
				CLANG_WARN__DUPLICATE_METHOD_MATCH = YES;
				CODE_SIGN_IDENTITY = "-";
				COMBINE_HIDPI_IMAGES = YES;
				COPY_PHASE_STRIP = NO;
				DEBUG_INFORMATION_FORMAT = "dwarf-with-dsym";
				DEVELOPMENT_TEAM = 2M2W6LSE6S;
				ENABLE_NS_ASSERTIONS = NO;
				ENABLE_STRICT_OBJC_MSGSEND = YES;
				GCC_C_LANGUAGE_STANDARD = gnu99;
				GCC_NO_COMMON_BLOCKS = YES;
				GCC_WARN_64_TO_32_BIT_CONVERSION = YES;
				GCC_WARN_ABOUT_RETURN_TYPE = YES_ERROR;
				GCC_WARN_UNDECLARED_SELECTOR = YES;
				GCC_WARN_UNINITIALIZED_AUTOS = YES_AGGRESSIVE;
				GCC_WARN_UNUSED_FUNCTION = YES;
				GCC_WARN_UNUSED_VARIABLE = YES;
				INFOPLIST_FILE = "BitcoinSwiftTests/Supporting Files/OSX-Info.plist";
				LD_RUNPATH_SEARCH_PATHS = "$(inherited) @executable_path/../Frameworks @loader_path/../Frameworks";
				MACOSX_DEPLOYMENT_TARGET = 10.12;
				MTL_ENABLE_DEBUG_INFO = NO;
				PRODUCT_BUNDLE_IDENTIFIER = com.chance.app.BitcoinSwiftOSXTests;
				PRODUCT_NAME = "$(TARGET_NAME)";
				SDKROOT = macosx;
				SWIFT_OPTIMIZATION_LEVEL = "-Owholemodule";
				SWIFT_VERSION = 3.0;
			};
			name = Release;
		};
/* End XCBuildConfiguration section */

/* Begin XCConfigurationList section */
		C5294DA21E98BDBA00160E3E /* Build configuration list for PBXProject "BitcoinSwift" */ = {
			isa = XCConfigurationList;
			buildConfigurations = (
				C5294DA31E98BDBA00160E3E /* Debug */,
				C5294DA41E98BDBA00160E3E /* Release */,
			);
			defaultConfigurationIsVisible = 0;
			defaultConfigurationName = Release;
		};
		C5294DBD1E98BF6F00160E3E /* Build configuration list for PBXNativeTarget "BitcoinSwiftIOS" */ = {
			isa = XCConfigurationList;
			buildConfigurations = (
				C5294DBE1E98BF6F00160E3E /* Debug */,
				C5294DBF1E98BF6F00160E3E /* Release */,
			);
			defaultConfigurationIsVisible = 0;
			defaultConfigurationName = Release;
		};
		C5294DC01E98BF6F00160E3E /* Build configuration list for PBXNativeTarget "BitcoinSwiftIOSTests" */ = {
			isa = XCConfigurationList;
			buildConfigurations = (
				C5294DC11E98BF6F00160E3E /* Debug */,
				C5294DC21E98BF6F00160E3E /* Release */,
			);
			defaultConfigurationIsVisible = 0;
			defaultConfigurationName = Release;
		};
		C55AB0741E9A2A6600E71165 /* Build configuration list for PBXNativeTarget "BitcoinSwiftOSX" */ = {
			isa = XCConfigurationList;
			buildConfigurations = (
				C55AB0751E9A2A6600E71165 /* Debug */,
				C55AB0761E9A2A6600E71165 /* Release */,
			);
			defaultConfigurationIsVisible = 0;
			defaultConfigurationName = Release;
		};
		C55AB0771E9A2A6600E71165 /* Build configuration list for PBXNativeTarget "BitcoinSwiftOSXTests" */ = {
			isa = XCConfigurationList;
			buildConfigurations = (
				C55AB0781E9A2A6600E71165 /* Debug */,
				C55AB0791E9A2A6600E71165 /* Release */,
			);
			defaultConfigurationIsVisible = 0;
			defaultConfigurationName = Release;
		};
/* End XCConfigurationList section */
	};
	rootObject = C5294D9F1E98BDBA00160E3E /* Project object */;
}
